f22c5b387544c83beec673323e295aa9d16e9fe657678a4c0cd1efd03722d8cc720c96fe
c1846067c5761447e6a8f2b0d03d6e869e35f610f57e50cde6bcb9b7290672daf36ac39e
41d9badfb99842564437e06582517170d4123732f700546cac563b2851ae5a518f0c67c3
88f3cba936d9598da57f8f04d87b80f2be354a860d75e11284c2c667de9886c413b5c95a
b9a6b5a23bdd70d75f5eea8c3935d2fc1b4c06992ba730c07bebb4e5baf7f2ca53846df3
8ddff9411ac4236516f757e3aa70f086eb1e59429743f8f58d4f6543a07e6877b05ea6f9
c79d4bb5d18195a6c4e5bf2dee0aa9b4571490ab5b23616f02db3756cd05f7bc6f5b3754
974b4cb06cceb68c552a76d4b05d46ed199aefceb4906ab24796f3cfd385d26458f63f55
c0e7c9606604cea23e786722941e1369b2449cad5e4910189496803a380fab7b703184d9
a7e5234fcc0fdb071ed918f51d40f30a523bf3f530ad37be7e4f42a9ec8c5c0a92c85b63
1a56c5ca28ca039c61edeb81bd600fb685466fc607bdc224f68ac5c0f8f589553092e280
0bd39bd36cdcc71358fe11a12118efe192dd4bde432ea4dd3fdfc57ef35e328f9813319b
44e3e079fdb3630a3955a60d462a07664d8ef69cf3f7f7fdbf4a39a7e2d67037f6efebbd
d49ffbb64e86e255e5cab2d956b3bd5fc5fb4e8d4381e775544634513ea3791b7b4333c2
dc7bc3c4d2b0490f0342d9894ba975542c2a3be4374284b022470b40fdd62ea8a9f4fb54
9456a1e49d11fc7d2c91f28ed6de252775b1a994a9faa72358c119488d56829da1c01826
b9208cb98607f5bdbaff99bc0787e74d60cf660c10674580f2f5ac864f06badc85bc2b7f
4a126d492673107f3b24f9f444da113844c1b8c281063f168e7817191324dfadca9e5952
7d4b43a7668a63880b51d1f5053692851d049efe80ec3f1d52f910f18a33d981d49d99bd
5c767a75564a56b753a9ba85e59e205039a114b83fd9680a7b6285b76dee8b080ee99122
ea0da5eb8a32d990164c6638d80a9a97549932b0004d3f7865d5bfb013801c7472a67517
9486cfc87920b4d66217b6f4e44d0a5404305cb5338b63f4e5b14e42b89d0446ae7e6bec
450bf83e7040eb6f471f681de57939ca4690dec4cd52a9ef226ad69fee7024dbd204ee3e
f6b01033c3cedf7ffaafe0b421c1571528fb7804de3e1df0465927529a83ded9f60d8cb0
b438816a3d63733b52aaaeafdb326eceb606ac855cf92dfb7f532d17313eaa66c3a76118
bf5d0f923e710ad53ddf3ecc52ec2244abf1cf5725925c75471426ea7d2773e86b7c6b44
bff666bc96d67897a5a254127e8f3da833ad2542a76a5f5fafa2acc647ad0c34489c6da7
152d56926508954add405f4173776a2c2451f7ce0535ec74752387625a33d442cc3808e6
be100d863d137470eb42a90794c328bb89344d820b8504e2c7d6834ca69a400c5186f07e
eed9e16e9f96f344b25cc1ebbfc11a19378172e5daa3b89919c347171be559c2a6a6a17c
6dddd63f4ac9d9a21e2064285dd80022510698e82398549de5a8963aefdf9237a9b33a9d
bbeda8ea8e327cb947b2a9fc4a38d34add02998f7e2f2dd2e1fdd6ecc026316e4d843ec9
996fb675b447f488b66b04a512c9fdba3a3b8c81a10961738f34fa01e644c7049f2b446f
70e0617ec9599b429a8c1416cde3e0f5cb2bf242dbda085c1f533d971704dfcff3bb17e4
7c1cb5145f1b4a22b83edbb7a3f5430ca910a7a8602c4568b8898995c7849d8c002fbf7d
492f09c5a6aa7ef9f650ead24968fb0e2163da00802ead2916deaa89d4f681d9d1de49bf
2b6a0d7a0d3db76874eb7a704d377ebb9940f77a6576b2d16175217c3d04dd5b6d96783c
946b84359abae24febde8e05fe87f88b3d69b1ba8ad34b16e8349559682d99169175ebd1
567563d88a942e5873985eb65686d35f94379c6ea8d6959529c8bdff94ed92130bac6c7b
5f96ccb64db23fd7d7ee5c6a8d125b584b0e1b4cdc97c981b42bbf9c6f35840d74b6831b
a135fb3ec9ba37cd2868d9e51c9d5776d536f6771058c4c95351c27e5c115529d64e70a3
76a1052e42e7fe02e5e2b6906b040a0b0ec8d848601a41ba588674bea5a89ae098d70bd8
fb620037136b57f0585ed00a013a89dd5fdbe4a5eebc715c1d302fe855db562f0daaf948
307ba328b440d30aa4999770fed4263bf8a07cd2e90e89d6acc28d92e62a5964e5d9f635
a184e148a59fc701ca22882b20a530f1a7bf51c67181be33237226e95686b5aca7045fb3
0976ba21f322963a23313690108bd31fc8e362b190760496faccddfebab5fd1267d3dbe2
2c1a26e586f910d91acc421527fa2147a8781cd4d5a37c6b76458e1f9135b4c9b7462f70
24194169088391ca410c415281bc2940e6be7d6bcc3086d8e9a59fdb2bbad173de5e6ff7
7eef04939369b032866fad16c678b572565ca7ecc3e58e12352819fdd40645316d09944b
154f532b5d5bb8866d39803513e88c845fcb248eec9fc3126058378b9ae833f6b100a208
40a288531bacc66f5511172ef65a3878fcc984005638dad990f9c27251d8f363711d3df9
8338c32a91a47e123b2cbc65f496cc859d266f65cef798dfd63da979ec6447e08dfc0155
2975c9ea81bbe0ce8b7c4667ea48939086ec9230734e9520596f0c96f817ab60a4b62675
e12e81097b3c4728ba3059014e584338ba9e4c3b4bd6699cbf3c59b57efa8f74d98e0aec
4185de2ef326ad207f35b114c3b71ec5584d013edd9caea3356a2e0e22f46106b147f426
8c2b13660a26882a147c200ff409d4f0432f2f8e82f9c9e7ac81b51f0e754a6069b4ed29
889100e869aff35cdc14a23644d7b038d300516291551baf75a7730621f4aa40b7fc9efd
6a85149e2a6653fb91cfae56967d06bf61090bae18e4afcf506ee7f8f8728082a22815f4
1d9d286ba09e7e1f11bfff5cb0bde92231f29f9302b6246c56c7feefac61b440e3e40880
0449373a3187111891bfe086b744787eb16da0a3404214cd5f5cd5ad0c53f5e4a98af8c0
261989d97c1217b07d06527cda1bb5d9966a84a172cb2e08f4f283a8da4a9b165447b99d
d2ac099a143cf7f84457f4a1df072d26595975dc5755b3a3b8533d767a7ffb8ac6026753
b04db5f46fc84aab1c65282e924cd9ae561859ed39daa0a37b24c842f472536171450fef
d377658e335978b80b22aaff7f6679b04d375c27d8ee6bcadd2edbae17c6c4e84e330416
463aa2086ab2e2cc42cb9e897e93b95c3566b86c67426156abdb7a3dafd15dc8f238a0ef
d5b9dd463529854c6dec1eebbcaa6b9bea46513446ea5b9b13823d6e6550d7617ace61de
01dbe40674abdde29402e38401cc284e6ffd10f09ce99cccea01eafe1853f158ab987b97
f3423739822d822a368b3700e479520909e207060ef71ae004f838f8f3292c80339c1376
2ef97a86db74022ab9395480dd12f138d98286ddf159d71912d15efe0b3afc45bec9a9b2
5ef209a09bd9183ee637fbc3ecf5e99cb6e595ce08b0416921f4ecbf94f2a56780329607
90ac34df7ae45999a8d61a741aa52020000900eac56e09fadf0384553b34dd258032c858
73ca727183f9f83b88ce25f9a573631e1c495b8d9d861f5359a60ed60cc5b840ef3c382f
7ec7e15f66ae6cff320371bd4689c0fd32b840a1587e2534f64b3e3c58c0c5b71be9986b
f5a56f3e93272cbd3c4213c7270264253cedc43ca9347d52b5b5ffd22865cff5f4dcb67d
155091c6ed1486d45afce800cb5c9d31d1794038e9467c2fde8b442ba7f5ad83c269564a
eb9afe1442177e45e16469992019c6c91d71033eefd3800b68c09e15b0eda1929dd4f056
8c292d5ba51ce9d2ad4e6d1f706efece89383d7ea84f754fe4977c29f842a3fd0170ca3a
9a270f4eade11b6241ca2a0c8a5c96cf8fc62b3e6fbed08a35301809416990865f57149f
11faa137cb65ba58733fcf360ab707c3bfceb01a51409f17a3cffd6648289297c6dd824f
3a7c501fe57fb52a26055ea6b47b4243f9ffc10bd4fc3bdeea128425a7f96c0f23f8aba2
6ff8b9076d8d7dacbdc154ae9c4f903d4bc49af2e7dd410a4635f46480bc2bb8b0adb8d6
6e802700faf5eaa60977d657df0937f766dcb4cc387bde11161d470b46123e0c71ef3778
6228da4708fae3453f08663b3e7c573787608cd7a9621f3d6fdc69c3b721699a845b3228
214ee81c93b524a5be0af73f2badc0cd6bda57a529da96d4ee916632d9b0a9a08b6f65a8
91fb93004e25a47972e1cca9a5435249bef55ee318143dd2dca8702fba21d0c42b6c12e1
67af94c15e2bedce7413ded253ad35e37c497d0437d56f3539f0b90bf430cad19a8e347f
d8ee4e64e8e029514cdb1ea3d51f12a22e99ec1e5efd5b0a8e7e6dd3f636ea2d36b540ae
c6848148b487d829cc1bc7ee7bd5fca941e27e8dec128ee0103e1fef274f13d92fa3b313
f1cb21068870c2f7c1e0eb4765d5aa3757c684ecafa73fdfa6ebacc380f454c200fbf45b
1bc5e4235c5d16fe2c2ebc84f6704490dc78f85cbb1a13e8886c26d32194694733dc859c
77102a1e486c86f5b7fba2b6025a4574537d3d83f4a73cdbffb75cb9b68fe613a8b6682b
846f0e38c7b13246a2e9ddc199feac2773c95ce880fffbd7bb04330413c356ca35ee4a9b
3b2f80e0ee2ee9112930cdcd965ecbb6ee845473940ecc1d5ac80fcb7357d1cd2e7a0afb
a51426b6aeea171754807d8894001190bc4f5357a9aff057724d534f4ccf47557e0e4e42
d8e00554644d9b28f612f56628c2c4c011922127ea32a4d00aee0799f6986821e620cb1d
c50ec283a7990439b35b3af28dea6ab9b360372e9dfee018b234165f5491dd190cea25ec
2e7ebfacbd5746b783bdf687b2370169f2652598c3614d24caa53fb63103c270cf5f0ff4
9b37c58e7534ba46e09c77ee63fbcd5b46ffeb705b95608fb2f6aed48ed5a42fe76e675a
52db57b768d405754f65c47415c9beaf30c07ef705b43c26ab2968d3f020f2587df17e44
19e8d472e3804d57312e1e4793fe2db095540c3d34c231c068f9fc566edbe86042bb607c
73c2202fb9d863ec022195c6a6ff8f8164aff821db0bf5dd1bb93c64f3e907f100147ec8
39646a1c143d9806ae819982feb8e236b9ecfbd35082385a750c2dee9f159f4e4b845380
8a2f73dc0dd870fdb6afb48634ea55563e3d93060b61661e584bbbe425736cf656bbc5f8
463571b54d664559af977bd64d60726416ab1a42584133c43e30a99af31a7c2029af7862
6645f796d0ea43e1e436c6fb95d50f35333cb245c00f0aa9d4a551cd47e3505fd619bc08
0761c03b2cfe8eba33b462197330e97f070cd9a7963e2aa795e579ceb8141639aad7e244
e21fe3790e3bb41d2acf67e21e67dcb33ae835932608570649b3796e61fa8ddc13baed05
e9c6382aef3d5c6b4a072943a15bcafb049ee63d5dc1a20aa40f0285b54fbd546722b59c
8f4e2966a47381f7c0ce777c51eb6bc3f429f561939f0f3df8ec816a75c978b0130f0eb2
4f995cba7818579ee3deed0a083745ac558f84626f44ddbe6b4c7144ae24ac9ee473c06a
6130e39eb94a4290e2dd688882176457377d487acc832f911b55028ee7d012ac92d0f333
7d1d0234fe1f33600fcec60f24febffc46983b538bf79b11db38565524c4eed507164e07
8c01a4a5e1d490c891ba490dcabce7468eca92e23eb4d6bff8466dddffaac877f3611d09
ff2023b367ceee95ee3922f3ea39b5850335849c50040d497985ae505af0f05a4494e195
c03f523cbf27a3175213ba4a6450f2c672dbe73ef892c7c01d43733c5a83e816c01ab67a
506505d6f0539fb4a9bbf202cb3bd49f0f36ef58f99dd6bfc7d836329c092c7f53021d8d
73956ee930f97c2f49a36ea94e6e0a3637b5d4cec72bfe9bcf7cd1412e189fbfd19ed98b
f2607b078058ae4afa444eceda7235ca1785c04cfe516638650d0e981cfc071a88d51ffb
3e258219732f81a1f2d040ed339664d6bd69304d11cc8f01c5cda120e88df91719dbf729
3cf47f4b8a4c4f77cd1583790af0b0a7faef69c39c598db2ecc1d50a1970056ac1a6e770
c11bb6ae4833b9edfca358aea722492696bdd75fcb7bca16231cb9d405f0593e76404378
3c1be34cbc5ee2ad9193a4ff0a94d65313088dc5aaae3d7de0f16470762f310fe1afa32a
ba23aa05afb5ce38144cde6907d34f435af9a43d2f23dad729cd782a3beda4f69db83788
2945dae98405a12461deafec54d8a5109b2e477e5e9867065ffd97c95daf052c9ecfaa1f
b104861097a740fee464073442392f18752ca44c67e221f35beca713c73b7d37c18046e7
fc09d9dba4e40912e83d12b205ab1736cf68e71c29f6f5a5863d5722b7984f5450a4c56a
9853540175727c1af046308b4b876613ffe733de10b2d66ae7b2ed54cc6ef0fe11f1d5c4
00482747b96c73f29db68315bbb7a26a8f215483aebd10acb7280d468ccd1f3751578abf
2a3c09267d1cbe50e08edd637fab7ef5c80dcbc2d88e625af3cde70af398bb8e4d706862
ac58871c7589324ed9a4637e2baab21416f77ea9cf3bda0fdbcab77541b1cb46e963378f
ab450b549411273ccca2ea62f312685d1c62d50683deef356cb3a6eebaf477d154a51208
30cf368e70e18153d0755e83354353e76d1fa582d83dfed96c013150cef36f5245c5c514
3ca10cd24f227a001fb68b17e64aa38999f055575d9ffe08bfe63fb34e3499106b1ce87d
a9de05efe6934ae35a54a243de8d6576c84888183fc53739224eddc3db6b9a673bdd3ce2
415fcbceed66e95fba0cd8e32f72a2dfb5a87112e91d6ffa79d3dd888e2f7d8f6f89b523
1575e155af3312dd415d4c74f78638faebcddd8e8b4467131971d7bf5f103057ca1b69dd
9a502ac777cd4ebb03c70989f79dada52f8eff9bffaab3c5f8fd6984d4fffa021889270a
bbeca20bcc464e81c7f66a9a3252757780ec8c4dd6cede6c272a4475a8300dbc78079c5e
ed803dc41d5a028afcf3d7519a102be808f311e2710967b25e20ec0934551a4810cea47e
a359d2ab08fa505c628295bfc04bf55ca5b5880369c009080ccbdccda3844e707f07f7fc
0305039ddad872cadeb80d68f0680256d55657085e4839e227ef128a23f5451d7262f9bf
5a734b3913719acee44b71f4367474a4403f0b058f38386b09eb1d5a2d13e00d5f178652
671fb4f88dd74921c0129a58d9b31dadc12f6016632d0b698ade2fd382ed302df59181be
29f8132892c0a2eac807be56b7994499ab4ae3bc0073e62799fa752c960a954fc958b7d7
44c7bc1cf3c2f62bbffd50c538563695fc611ce0feba148592bda6af7983ed54169b9241
d58644327cca90d06a1c26cc4275804847fed2cf90200ac7e7f7916a3d85792da545de27
8019e4a4a1f2d5d63c7332f23afb5b341dda663b6601016553ec872054c0e701955be131
2def9810cac3cb8f5a25931cbecea2c6aa88682aa8f03bf4123d9a281ca183ad72b4afa9
3c3dae10119335cfc5061c77ff131f98c622956f895d13f71edebcc8eb74adadca09eb03
9638b8a5e783a6c73e3b2c0cb8ba46ad851fb85b83a7ac127f2ab2f0dfda36dfbe028b61
d289ebbd615512159b1a0f2b5d839b92867ae3ca28e6d64497c82a198e6cb632eafe1eeb
aa9b6aa247e1aad0a987a1d86a64584809e7b3b15150930eefbb51f9f3a8879173085e5a
0f8ca5d585186f554b9b0f6bc454e636132c30c7747becfa7e645dd78ea51a5b6a113fc4
424a7a04bbfbb2d56aa1f441bf00a5c6cb102a79744dd3adb1b13ac3c331167538f14dad
37ddf9d4b3e2801ede112c8d79104b98234f29deb5804298cdf7663ed9c4faf16abf4dce
cdfa3e72b3b7523dcd909ba02596ea21ba4cf94782a0cde8657d8ad1d531a150edefb15a
496d17f978c6d1c33bc6d5084668b350c5737e0ceb3c055079ff4728de57b5173729c550
608f3aca2022c8c9725c1531c2bec91aaaeabaef23b2781d917fa61d5bd26c11a0314ff7
eb2fdda9780a53c8b0c55cc44a214ae0e620ac4800a359b1fa41b1aeac5e5b41f3b64e3e
9e373ca1fa460c751bdfd523861b6d4fc4646de1ee21d0e0cdbea7fb66ef110c0cedd667
a668d5bf02539a88962e84b8c0cc90a7aeb8a3d7f523bca900201bc10a0de2ca1815e4ed
5514fbf0f366d7d9d26484e8941d426f11132f1ee04f59ac79a25a2cf57ee3e68386ea72
e33c617ab49166b39efe98b1c0f0615533ad2242d9078e56a8819fc035525aef0d596f67
42aa1ea09ad5c81d8a4d656d7e9ca131ce0cfcb23d029512fdc89f20140e694a8643c54c
012e97169afba98d7c175f4c090cbb45d8a9b483928bf84473006ba8ef7e74a096defb12
c287dcd54b38b286ee2b3e4ea479fe554b99362f33713792b14a5fb2aabef4defe725f69
852c52c8bf0763c8da1b2f3c2d3559cce5f77f69d8be3d9049d6c950f996ed191852368c
262e475a909978b7b75a7c047b1ab72e1301309144791bbcf69438477e458bc4ac5c8a84
af64833def27dc2937840a43c5ebd9e03a705564a10c226436c07bf374879c2a7e042036
7248265251da82c2b226c1310f364ebedb527364f44ac3e9d661a441c324f08e5c07637e
9fb63bc1fe742a90dbcfde193b413dea9e4a39dcda2be036fa920d7fe6d7fac47075d748
12f351025574189c21d0eae080d3f4821c96dfba4172cdeb5e6d78d5c9540aa68c6783c9
1456b5cdf155b9dd6a94813250b9c567ecff69db49f8a43de083ae374986aa5ecf1337c3
7765d7f452df47f262b7600cbf6cccb2b7e94c90299931e1b3d98811856f7f7495a9c849
9061326a4f92728c11e82ac4c83be5f75aa48f7e116506775c0203b65789def9a0e1b9a0
e8c2f379639cb56ce476a7d8c90458d905f8a4744e04b0fc1984d06d2e1ed245f7a27006
8ae005d21debfbadf23bffacd3f1bf52b69e8d923dd01f4c4d1a51e20f4318716af89eae
65b2ff02b188b2a91fd4226909bdb1a4ab2276155b2a556b62eac973c2c3483d12d15ac3
ed73455ad1cf215a78dc7d04a9cace345aa742c131abf11a00b4f9398d6ad8c57b7b256b
931b1ac8c12f62a465bd2e402e3b6a63c19938e794e1ccb0cbeb3638421227712c98cf37
bab3f50056e57cd37f88763c824fa7a02e6f0bfac8e6753a474c8d324c7e6e3bcec73d74
0e3517e5ea7410c925b710ef4e633c06a26fdfd32344a0594fabb15a9f5d2e7520fe15df
c92baf86d10829d4062afaa860183a74beab27e96fb2e5af020a48e98e129fa6321e5881
65d08a9014cb3e050dccb2eb07b54d7b967a7cec621a6b45f8c80d4488094cb8a998dc38
2eb688997c252a4b982002a690d96d385349d1bce79e15e856be8e1fe982706f4a7192fa
10fa24762af3a34fc437c356383b90038a25210ac266d8f2810d2b29691b455124ca97c5
de80ed6bfbec8f1d04efde024a468958d2019c8714fef832bb1e259c3dd4a910c5fb2376
5d131fba9cde361dacfa534e1f41c031cb9f0ab2509e67291d2b8ebf683089a8f662d4fa
b0973168b2b271a35e5423894a386a7e4c542336d2bcae18ffa757857f25e8ccc2302bef
50357de7a0741a2bd6831b961d071dcc01948c791218be964a33c9656ea0b3516ac859c0
e51c4e165b960fa4dbfa0662dedb4ec21556e9b899cce686ce90ec66604e70691af41c01
b519517e7ce4a0aa4a0b01e30ac08a000da8cfafabdfcb382c4bc59d610b2893a2cd7867
ac705a13b487abf0a3aef3a7d2d36de070b65968ff8a9ecb623e2446dcd82b87a49ea6dd
e118c049b9b421a42cd4f9dbded2fbade0201dbf138ab806c6bb5d2996ca4f69c8288a08
46bb4eb8df071b0b7bef15d8bf822012443013a6ea3c19747b60f683f2191469d9dd6c32
508e3358fac3b569e43f98c73ce0fac832c52c7cafcc3b565da6342badfe40774d84f46a
10c81a4cbf4e87b3f5e85cbfb9e3d0708bcdba68cbf775e72e87dbcdb6abcbe7e40c3e1f
ecc290006785221e5e7042ade9372ee48501403e350a8eff5cd76e11af4c312ef9b2e80d
6008f9f316400944f9317124422c76bb057f9db791a917ac0ae2817e1b96280e930ed521
03e5a4169ce2999c02b4e8a6b9542768e09bae96074c7120f9e400c55809706d2b05623b
0d95d33a6e88b92a3c761447cfd4eb1744c2910e46b0bc259b2234005074145f007cf3d4
7ccafca5db1ca5b9e211235771d8ee247a901c1780ee2b74cbbefaa582192e9a6c428b84
6701ce85eece5d13c4dbb64d6c6ba7b8cd63f72003b2e2ad9ef9d25e9a94b10618c49b88
145fad845bbe160d2e3451164acafe8bbc1704fdf53d19bce2e3f2a8c861b65d78d080e2
99f00e9c4eb5972d13fd58c76f576d6c18009bd56fd1b4aba7ab591030e456840f08159f
dece4801438f8da6d9bc6c7e1965284cd5b09f2ba1c2332531221f7a834e2a2946eb11f9
ece35bf6214677609660c616a9ee1bef935518b9f92f568ed8f7df702a908806113cc377
7b00acd98bcc1ac436ee0d224e3bb69c513fbdafe90372db581b5d11ca1411e50ba6a47f
8c56b492a2829b5dfe06f6892cf9731e0053f1bbf0059f309709c30a30c71ac58abe8cc4
0f548138c1ebc6567441802a2654f740b104e6d80a5a158635366be9246226758b47c29c
cfb51984bda594c052fc57e9f70177bb529182429ac2605100d6e7b18f4e36b5a673a340
7e75962388949db45bb0287654db4c61d19b16f0c8d0d43ba8dba7ea5b5d2699fdf69f21
2329c8870ce439d15e9df4c6135df9dfa0cd0b9fa3a2ba17ae650d5a7c72dce6404918a5
0f22051253c4946a78e5fe026f521f8896981e319a9e30f83182f5901c7faaee18f7e578
018a7b0e3be3389266b528e45667f443a805ba86090ddc0d68c10c1a3f65a51c935ba596
13edb99fe3220615595ddc56123ced89083093d7f1de849119b06f196630c16a25ecd050
cfd12db8afdc6c47b875e79f0afe519377057e2b839f2a280090ca4b2f13df0ea8e35a58
00adf075f4e59f76b08bd13428403535f7ab954e184ba02516d4c52a4f4d9610b8f46cfb
a8c47dc0d6cc69314c17904923c72fbcf272b0e520070b4f2fc9aa173f99e6c7a317f112
36ecd2091e5c6a880d9a84feb4d30425255295b0ef348deefead61e933c216964da09c1f
0c3c702b8b8d9984762377d901727074608dd93f527d7cb613652d57f90b3ebe8969c35f
d08031137e82da9506b9d4400d7feee60f353f798c4a4277e60eb3e148b763f7a3480c9b
84a5590d35df73b1a070a0cc29a28cf421ca1f8760fcf2297748d67ad00ce900bd8586ff
15e5bac8f813f21ab4b45943a6be5dc3e44dad7c7023d3febc9baed1c11305275be12a1d
a069d07870caec928a6cb625bfc53c76275024911aecf8ff81c202648a26438f065da91a
219b04e8bb47295fe73e1cc058207dde2bee35575f7692d317f71997239795123f61b42c
a93eb7f0af73daf334f3916d40cc383d0bd9b62723177e45a3658338899fe7758c5ef8c3
f33ba6cecd4346ecd696ba2e1dd32b8773be487c755f1a677473dff6be9c127bd3dcf446
bd1704f426410e833f8acd6d094ef6baab6174a87eb73665ca047f96a8638a864d39f986
eacc1d25cc5ec6d0166e19a4a30a46251b8348152788e18a6a810facca7d07ba0d55241e
4721c4788dbd94c5d0b70982ec7d29d7749debfa47f943460b6275b359b6bf4f56fb594a
9d9266d7ad017d403a8245e99ba3b25f77ca2eedb50a554fe7ab5339ca809ed0fa7f32d7
da9b8a02aa933368d29462d9b898becb30a847f88b468e6c04b0522990bb06dfba4ea2d1
714e76272a112e4dcd60512ab0fa43909e26f4d543ef95fdc3824e76a7b766f9cf250221
6f6006aee83fa28bce20efb573798010a11831828271fcbf4cc107cd29c257c30e9c6d4f
afc2564a8f83b85f704810b57fbaf0af6684bbe947d77b2558b234bb22fce4296b192919
b9571afdee98cd7e50c7d9e088b3be4ac62b82076d13be52af2bc81f28b1cad056ac6ca8
ff07196e5f945af367b16fe893c29a4ac6693f411c58816e88cf0aae06d811c4196115ea
4b5583f44bf2d94da31f3681e8d422e7c480da174100d657e3a8feec8fe7058e98579766
89bf64b9f5c50703dd7cc697d2d12197ec4e1f1b84a1246fb4ae751b26163f6c35784264
1491ffc320667a2278db4b64a8143b6c95d6c1ac66339240c1153fc706b2b7963cccdc8d
c35a53505f990d9e2068132ca3434b3389c4402fbd3cb2af167552dfc246225f7e4b2bd9
e2e49486abc86d18c78180645260a3f9e8021691cda8c477e924c0eb7c1b792806dc0151
afa7d09a27d35050605acd639f2801824a90df096c85b0f434aad364d57eeb1f9cb7bb03
8f1f4b522636e198c579d60d3bb22275d801951177ee5aacaf5629872b06b4a288db4b36
69d1bd2d869b3a2bd3ede8661a922b01b6698f9e06a8aaaf15aac67b7e4ee9b314b1112a
a4f4782be2a510846093f523d52ca74328b82fe64276ec702443ccc320c3d504173f303a
d0ec372032b610e1b944417db8b8b346020fb1bee7d12d30ef89be9084fccfb974623de4
953947a6274a4161abc915f9bfe0980abbb161c0c8e4ee3eed82ec94b70745aa32cb1908
b343642b66e39fef77ca82a6d4125c0a1e4161e70febc79d6e17ee59f2795a37047e96de
57785e17470878e20387a6022e0025d18ef8604779e5df93dcb5c22c13dfa7422a95e9f1
ea283e7083119f6431a94b30ac0bca50f292ff4d665a3c8b93298a26363cfa0e4e41e1da
f9c0da0413057b6b99559ccf99d4fd096b6029b1c81206495e01cbe9f6b16dbb6ee83bda
4c3532f9f62afad941d78d25c4e9475011aaca9ba0066b45873771c4534c3ed1d9c1085c
cbb865c237619ec43fb8e17e0bceb947c1de45776b5d01fee77e85ccc85b6cb66e32805e
3f4c9eaf3cbbe0251a66c7c32531f38df075ff8625e4ce00f24c09955ef72b5f7094e42b
c564b6b80065b5bb69af8a98d1c1d87e836dc7e76ea6d5826b0a4fecaf604fb16c13d801
1b32137ebb1f36737a355b3af80430e24b29a48b977d96e3cdcecfac7ba35891e054e0e7
b3c89785f7167f5379afc74532eb9cfc35e82c6bc23f69651eee632862f0d51283a23b7f
43ca6ebe3c4389ec77db42c97e36f5faa319191ec9073b95663e0a62e1dd0f90ac8da33e
f0df5b665be052827ab6d51f6a3692eca14cbc555120de1a4c7cf0de01ea6a2c510e840a
bdc4234aad3d4e153abe48e7372a4d3dac00b28d4c5c413c07a8af1aae3cecf5b7421630
dffef1d5796cb2c6b1d14b72a413a5c57072f14f501fc8529732b5f22876fa693f66fe94
4bc9eb940847ee6f536082ce231186f62919d5b623e06bfed6cb8e17594b35232ac7355a
2bd81d32509692901eb007e1ef7bcac13a5308d95ffdd6be0573c3c17afafa83296316fc
2474d8b32d431106b80fd25fe7960334f4696ea8a74f1820dfb42f9ec4ec029c96590d9f
fce18e58ae81b261211ba151d92d8bab90938c2416359a4d8aa85d3d7f85b00342e08b54
a98e8ecec238eeaa7facfdcc047e7cfd9dcc0b51a2e15c2bb68c90357b39b1e45d03e625
884c403c70d4bc6bedfa279d5206fd1ff307fe6fa2438eb8cdb95c2c295e8cea04e40ed3
f2aa32ef9eefe10a6f0a7c3fa64b65b7af77cd1c504c4ee8dc9c1f5889e2f15016b0c33b
086889c8c1fd830a6279b6c0468f2add20e9283efa56e8f9e9071039756ef3d933e7b5fb
727933bbc260c7d399dcdb7e2a8a562bd261dd7e32a167ccc278749c8bb3694e6d880434
ad36a88755f8bfddf558bd379f2ffed48c195a7c9960cbf698128abdaceef79334187d1c
0ae8add8e7fa2e7a1e5ac98462147a5d3487f4b062f98906b625afce2a22a1fd82816ed2
4a05bfb0eaf81151ab33062f6fd974b503bad9cb4b5519268800405e7d8a250bf6bf9280
0c0cd32d56dc55cf61c05bf2f895d4a2df034e594a8cb3dd16017dfea70db94c1e23a465
aeaba61471ba235fb7a0bc390aeaaa465afa612e6c29c3ef13371c6555068152dc597c2e
692ad5dd78389f10942289d749aad497b62e28b2f3500e6936e8d75626c120a8e5d1073f
ef7efae1e854203da9a58787f3ff0cb39773a265adbfbed0cb5492894c2b21ad8cc7fcdd
0f2467031d92838b24cb95e1fdb16c37a3fc81b7800a5b0771553ae69c38b1029bd1917c
423813eecad1eabe9f926042412386370ef3d3b71aab0a5ed56174925d2fcfd835853d2e
27a053a9e996ea31fc2792e88bbae180d4a846b130b9a6351ec5e2c3fd80f1ef812f4682
5fa323d33127d27e78c26937973ed6591c177ec0db751968ca249c0854dbdc6b22e3b446
07762087a9a115406243f9e73c187f122c608e6112d07f8f47836ed3f9734d24a9c6d16e
e9b4350fd4bbc9ac25daec09a0ac0859b5166853f323a327f548d81fa6fa5f95ef1bedd3
f187bcc3eef6769e9e3a9fccbc7e3690e9559426028e7d83cea6ed004efd676176b25639
86684e45f18ff7fce7c405df0a46470a94afad3ddda8bfca50abb1119a983034bae51fb0
0959b96aa4e336602cd1c861f6ded0357eeec7562494a11274aea96f8dc129dafe30e6d2
78b55090e277b6b8c66ad450d5c76b0c9db1075aefb9ea63aa0ba34a0288054505c7e212
47efe3325129833f4e5de065e74fa49b459b6488b6f477a3e46fba9c1aa03808e8f5bbce
00e3460feb263c0f5322b3b3190f55a7c61dc8eadfc7ed00c5d8877949c98fee962a9a33
c889084bb8e425e6fc0c7b99515c05fc262bcee6643051a7128a8348aa72854923224560
913e269fe70329f89a437ca381fd3cd67045e51dd79273158748a992ddfcfc579da1b05e
e80abe8726285d237ac548a6e7b2b8be657298b96034755a72ac46fdb6ea981b761a7801
7222dfa5ccec165ae932370b52f3ae69ba95a6969c97a64945dd18d2368226d7df01a0f6
ffb76ab0df3c5ad89836299615a9774a90f0fe8a4283e49afb405c7bf537d98aa5a34b71
f83267b20639684e9002f8c0a10efb3e86da8c9a97b33b829cc2e1b9205bcf9dc0fc2899
154fa04b84f232c39d36e9ad1508664fa93bb2a3455661dd7b5c33e60b418667c484debb
9af071b9b92ae0982214ad51347922e0c121f93ea76c1187de27ec3669ac69625b0f5766
63b859ba53b93dda50c4eb011d9e8ea3f1dd0fa705b5c215e00ce2de8299bc6b23d994d4
d466a690da99cd61776f9b2502824f931b3ca6c70449660a2e49166e557401d007057f18
73e7c0ce4320c6439ff28074ff5523dc59d0df53ad768ebbb585c8010b71cdc3b66bfe2d
85221fdabe2c60578ba9e25e402ac421477aa1a6f7091ec73f2ec5c1219793056a5291dd
a1e31ef7209be00826384c68fa94e14a5d1554e3085ec2a4fe6d07f79a78a52402949926
2554e0cea96dfd72b8c395249d603f62b6629810df9abce506899cd35926b3241613b1b7
00c2a8d0fe3e17a74c0be8c390ad4a2720d1e6edd7efc9ca77de2bc73dba794a61a82d9d
490b0d3948938e2df872a563939a26fd0549defd263b2be27b59f1a848a11f27523ae87d
cd47ee29aae8de21e40019b09b2c453ce08632fe9cd51df8deac2d18b3dd3a168f61acd7
91d14b1c30c7896039a5ddab211e164c3ac6474e2497c79db78c4d883d2791fc6d906732
bb71c2ef33345141f9b640ff61ce518cfae009295e405d91342327005e9fe314fcdf76fc
6ae22c624c43796f7eee06ea6edeff2ec60776ef06c2d2e464d6848ad7c050eeb29c40d1
becf0c13eaf296466d689198264a52a004fb5a89877f1c8668264536fdd479975639573b
be5aa30a4de0b43032c6ceefd2264535af71bebe8636c015e9922fc55555788a163cc713
b81303e5a2b21ab045ad585626eeaff3b2ccfebf67adc8332f288c9e0cba676b4c4ac5bb
8578643a4acea033cb316f8eeea448d11e83547aff3acdbac94428d694c028502e4c67ca
2682297985295e154ed681cb532a40e44e2d3cac19720a4e9221f4faa7445750e568f9c4
39cf86fd069a0e1b770c56d763d18793db5d93f90a80659fee20aab0d4e2e23252dece5a
f2b19b2ded47645714aa6939829ffd599ca1d14ce67ab5ae16db4c224e7d89c95649e75d
4b375254ec1405373512c73c844f6f6043674cce7bcb63a0fd26f04d51814a935386c9ac
07b28d899f5541f098631e00c68aa820ca1243dc109752555e54545e992f3bd96587267b
3f7f2e5550fd221ec6bb08187ce914fc6c349f7e41be8ff2a6aed8a95029f363a58b7cc8
cbf591ff68d43396b669ab3d7b28ebdcdd3de57d6582723dff0980f30af1bae235959251
757da22e06050bf9bf3a7d52b72e99117237a520e33b7fbd9a66f3ba2bb4bdd6a0b6a1d8
87d1d98ccb3bf49e82a141150597d9b765209b690fdd151938c3d30d22929b6ad49a7ad5
744f9306ae4f73228a89e3d8f47a8ee5989446207a1c5eb7333bcc4351ea28e3d961cb96
c6ae36d1290bd2248118ad14f63a18c0977acba1d428b2102eab50100d2d8a13f002fae4
2a5b76c17aa9561ab7b8c0909718d5d9897028ac88eace052e78feda11567d6027859fde
33105fa7f6eb287cf429164a27097dab8a92459442d11e65000cff1a35e4b83c48725276
d760b1c5aed1f9d4250f1faa4fa811a96abac377671d5e8bd4ac12e487e33e4a7350203d
b6eaa0f2c93cf4886821e6a7d8ecf6ec7b0a7c4d5c9e186033319fa3a70d07a042882085
4c9a37e01f2860194dd0e84c77b47cf050e98ff6ebb6ef4b4846fdc722cbafc21f07f9ba
f0b66bf7c49135e8c875fdaa232c3c3e157f592ac7b525522342a444abd44318b9e07815
f3c1ee118012d9819b05966feb50f12cefb8ad6a05858ef83a31a6bab89aebce8dbb36be
af8e00766e3ba5c58c3624f10babc599377dbaa92202bcdb4a5d328be6d2a71f826ece50
0e42d686207ab8820ad863f3dbcf4e19dcf7cebbd82a4da9df5a14b19984acca99bd7f4d
df496f1a7c7a9b8f138fc63e6561011049af540df01ec3442aeb748921ebbd87f727538e
cc9fab01b0f098fde66e4e9aabac8173e3746512d9595f5bebc6650aac61027a40f4a41a
4e3543bc9e9a30cc9b043ef89b997692bc5810bdd29597ead3ac626329aff2178d415ca3
55ea614aebd24d867fc5a7f1196dd8381fd557f3a178e4f076bf693df4327cc0c181fe6c
1c04ba9f61c901bf97fd4f17a8d50672b265671ec2c97e93c33e2d21a4ecf86205fce9b2
d7dcb279f44c462d63dba5e36bdd358076725a20f80842665fdd39e665574e0c3199f113
61f716406cebb8cea0b2926e955d934aa45841454f8b469f3ad02717ad76241d530239b6
3bd960ae07c37f7c964eeddf209aa9f9cb2dd1dc33ca074b2079d9be9f811f89fa92355c
61d257085a0cd513396be31cbabf00b7c34600d6944a09ef4248821b2631c46d23ba2fce
0169532273686a3ced229ff033bcff4116803b0c2a267dc1f175626c331edfb8caaea15c
2f06be675fe796ec5604c2187a20619882fbffe5abd9540c5e9e65a838e89cca49c47cfe
4078724db076fdbe73a72cacabeb0ddf513f5bbc29c49a12f5c0950153468a0ea4425a2a
2eab25a4cd38a196369140fe8dec2a7a49a426d88342d54bfe2decb10e8b6124a7b40151
f390a46a53e8991beea3468fd3b56a94441b9d6031ff7be77455d97c17824f432a642e12
189102932d959169f2fe9c69b6f1c096a676056ce47cd55290b2d1d0d70ab08965e135f2
bc4af5a4c2b7eed88a36d85036f38965bf40365ac37ca2ac96eba049b7ecd493704bfc38
b5809cf1b2677e1357fc25771ea5f31ca750fe8d7a9f588bd3407da8e3d01821d032c86f
85f03cbd42f56ef00cf7b045ccca7a65f9cd2175f58922f0407c9ac26a6b210f9099f9b9
301cdeaf73c75ea7c11a8f068a01a5d34bc9be016a5d3194c156fd48e9ae055e40ffe1bf
f3846a103a7da8f78cc044f458a8eba7f1bb2cda5577695e98991f78a8a2d56ce08b8054
4b9b6a62b7ff179eda939dec877c990e66c706e30de8345935318f890bd22871d68e5041
3e1990c965c364524c7bb0b1e1e6589c758004e8617f3f0a388681e0d6e00adad9956d6f
bbf7b75244dbf88d7bee7a46c97d7cc12588a00bca239e3412aa3181f25bb78d327ece11
f7067de9ef1a241f5682974fe9c5e0847aeb6a9f6f8104baa090554ace395fde57551311
4187c39618db0bc2d7e7df5e3a87f57639a017df7b119948885db4e81ec264852caea14c
37024c70fb5b566bd8d6732cb6b054493faf31d694ba30f25f478ef1a4ff74bb54db4cb4
1cd226a5f05fb5924867cb0ae8eb4b5a41f285968ac29651d42f6370bd52bae3ac6d7f02
c16c7410fd1ec629cf17468a0848483f144b0dafed46d7ad38874f04a1aae735aea71275
f339c72cc4d56a595fc2fc13b57fde16489eaba90a6f3cd5e6b6fff2cfc911d5caf23333
7d705f6ec43ddee6ec40a785db0481ef1eb9aa72ba6a012661aed4b7b401a1333b5e1ba8
39751fb5202fd5ad80b0ce649ca4ea4ee63dcfe3829b7ef4548d93dae6aeb3853f1985b4
0bfeec70bc861aaa05d7661c4d41ed9b83efe089a363fe80a6bca97068b27b9b1186c890
3cb5d91d52130d7269d3754c939b3aed2d10f8951262727f4424f0ceca010dde5cc03d59
2f240b39b6aab871a3f9e28aad647166675d354a3a9c314f67b2299c977c760e5fbc0b77
835d34da9b90fdfbc66fa51caeb8b6f591fbbedfb6f9e05546a0f5c20da8797f3d12cef8
b146622d8835b482d3a81c977434d9e0d44d6a716751ecf4acd94b0fa0229dbdc7462bfc
ea97113c266105eca140b43a2e71041b3aab5cf2fed3acef098fe17e41ee07814751aa55
c6456945b12ef2cd77c76b7423a3a5f28b7d4de23daf0b9cab030f36762de3980d3becda
79a6ffc8baa2f15ace57a3c6d16de9055bbee621239ffca132afde2e783a7e84655aaf84
ba8b4707e632968b9ff3073ea914eabe65fa039a88c1511b178f516b4a442eb8a61368b8
734935193d33446250902c5aa2ecd56deae2575e2c27c19607312f1f5181e30b56499f02
2b4dc0edec83a384cb21738aaee340ddd87853dc8aefbaddf106190695fe76c7f26eef8b
668027e696c74272e1bc22e3b097c167061b3b6ea01d680626335621438385f5df749b66
f48dc7d2193de1efad2b3761faf9c7abe80f75f38a0f571e84ca4caf4e8e73026f9f9d06
b39122fefdc87760f314f2629212f3cdf441f947ac1cc254f478a6323eeed6658f8e0c21
96d5d2c69f571a045e4d39025a0d4ebdaf67276b26614a8579b012bc8e7f5cd5d3001128
a651807124bb91a79e1695a223c2d8fa0353a9ebd5383ce8aca4eed0a1bca00662621bcf
77366720c7de532defe18d24b55b3396947c032881b49b913c48eac498d33acd12c77723
a681f8cf60e52e7bcf686f2a227300f4b5ba87d228f31dd79b9b8e8bd19b13e277df99ea
6d60dcbf8c154e79bd5866fb418fdfe0c7bf13529a41b254da14e7cbf05bef9344da1e82
d01ed4c9371b1ec25b6333bc6183550fc310174b1d2687eaaaae25831836fb21b1bf2d6a
701a3cf552ab21d43c634d0432e45229341c5a1f1fe6278d4a5da3ff7e40c7d1a39ee148
04c2823ef208b7bdd6c6419c406fb978935740cb1eabf55b6dd6c986a400197a735de5be
d16598e791f14f661d643039828a4f4c64f8c9a1cf34ffe80d1db488a5398d311b7565f2
2b64e10757974291da09e4249fb86ecf5f9ce131b47d7b36c9c10c79a5558dbd03db7bd4
d39fb49fe9bf821b856cedf932648d75912d468125c283b9a6885a97b773e1751991416d
0a5636949ff42d119bbad97e53d34800a6309d997f2351bf4d93559b454f023047db68b8
e05a5c718638379f13c4a7ea33e3ea87a8ace0334c4391c6db752789b3a95327ddac6c59
2a0fd2e6f20bfe2ac7331a630a7f6e3b1af90a3dc2c2cacb48ea06340bf203dd2ece78c8
369fe4f9cd886b4997670d16125eb5e6d6fad7dc4da12042568ece957cf0d8a91c741a34
21c71a425c440e9fc702cec6a4e58876861f6d75895e4d6aa0e003f0bb061ed669f7505b
c0e1719115b06699892a338ef3f1c5b346c50fd3ddfe23797bc47bdaa307302cfcc3467d
59c5d0bd54b45210c7f2e95515d622ae5cfe46f9eb2cea372766dcc1f1aea946e800b840
756066df10d91f97db0124305aec688c60737b8ca223d2171aeac53952468c31ec1ee633
010c9c032042785052bbe95b50e8ba4ad93daf616fde697cc104540a50f04dcc6df17f1f
061cba084d574df52113fcd02dc5a9c5b776e4a080129e8e99f6abe36ea3b97f91565b27
f75f7eb7a56823c881ef171c04c0afc17706ffbaf51729ac523786baa7d69bc1e33496de
f20221ed0b578107bd4ecaf4c02fcb67e94e016e1713cf557f1ddb02a5b20cd132065c88
9e7b3bce3bcc0ef311481d87c90ef62def2aff8c63e9c5c206a69970b624bed7564274fa
7eae7ad78717b7e962315a5b5cb2e0df0382397f475d2c37b18e4174857e6149732ba0e2
000b96a41ad7e9a27f015ce054e9c605fc2bae453eb64e2d74fac69fd9827e1c3edaa008
fa6a2bcd704fac4e0f43437badb270b2308600c6a8139a133817234cd859b66a96061b0c
098f5bd5e49d23c214ffa9819725695ad7914f72341882ea0740db3c9ba7d11d3bc5abce
8b7901aa7575b8a20a5653a1408d519ddb20175331a1c8d47801b64531746f36b2ad7b03
9438b8f1d9473366cba4e06386017edc4d3f24ecba6f7e9d197d2a5604a4ccaae73a35d6
ef00b61f0c7443499d164585f9905d624d94fb6109eb471e4bb377d3d0ebd6450854ad20
8d50b7cf795c977e00b8d51f34addeb505aafe3fe349fef53e70aab486054674e692ce3f
c768e678040ef7ec13afb862b4a6b117f40175689767beb363519a82c75d12717650dd72
10340d9f09d3744fca2f365eff3674622d64051e1fbe0e05c944323cfeac500c40b61ec2
eabb52d938bbc00c3ff68cd51ec62d9b69e49c98a911f6f66a1135a5a029ab0f1067cfcb
780d63fef72f216bd2ad1a17ff46554aa93677ae8be5b868f898431ca7b2da3e68423357
6b6811d0c97b1c160ec685e0a841d28b4bd28c6505cd5540af8ad01a137049ae527ab7b6
45285a36281c50fc74f3aabc597d4d4b946b7f72ab31b7758e5bc0726518ed6c94ffece7
16555da5425442a978597169c4b3d344ffb0d33980adeef288c1f31fb5645608b66ffd54
b4dab8170262ee0ef45611d753a675678191172b79ac0a80568ae79c5986b55d6bc276ad
045fa87d672f676c06d3169711b403a2d1ddf38155ce0397db0d9a452f4ff757d02d9db8
4fd976df9e521d466e397da03a5667fe382336f41bf43cad6dcc4115020da1d8ce218977
ea148d31c9da5e0b62b154a1ef4e53d1b3f0a581fb7c6ef28fd87301e7d7c1c446cfec94
9a03651a2543b41b7370822e3ace1755100449222b36c812889e32978f0106c255c4b5d3
75da673f0896eb9db546819dacfb96d4093bc29de1c69df0e8dafe4fc078d730c959cbbb
61cfbd2ba921f71512c2cf5e69e73d6c45d631469f7ca3a25e37c10e3da0f6e37c34e2fa
69d41e97dfa9fb526181e179a743a80baf479123e6cdd0776324030dc422f46a2ef74eff
008d729229208e8acda851d3ae28130ed5701bc311ddf46b6f4f44cc0b7f367fad5286d7
5fe2b7bd189c0ca088b53da32a6a56d7c3e13e903bcdd0af2dd97920c446dade15496e93
e23021b4d8ccaf6057b87ba3bdc3d27f8e15263989abd439b2ea4c29039f00b2330eaa16
50c3f68c17c6fe7b7e0ffc78bbf4e273d5ec93cc74e9227a55cac49541a467983592c366
45011e7eb77af1856cbd224d6bc33f3d423cf4c8d956473c92b56d618f17d14417b06c22
a1462d274c0cd9dcca916602fba6f0f4b53eca396674840ba3e4b3f35badf75ac8407615
5979cff4243e07b10f543bbbffc78a24bb4c39c56d6e572c85f7e83ec1c958f2b5708c7c
a22b8b10c9dcfdd51f116e4a56aad6ed8f722fe590ddd09323cbdf8b097c0cbd6668fcf9
52570a1dddf5d662702859413fee3e96892056ac50de7dcf41ef978b02f2481cf61946aa
1c0174c8cfe8ac2acebc9ce4e97f50200b3166c7034df94d42a74f0b1daa86bc7778e65c
c3ceadcd9f1114d2839160a291f61356e28170380ff0d2072214cc1c6a93d8cd86408a83
d2a1f6306f578f24302ed80d2a50119a397ab5d6e5f1a5a7904185b2ae9f7809a0e40d39
b433a24b9209a4c59d4c335da89a9143b538a70cd7aefb8fa8e817e288eb5fde59fc87ad
b7a3e2c5dfe7d359739cf53dd86d7c5204c92761397acca190b5c6e605d3a7b47c2e0a47
ef8975588b1f9010c6098d98329b33d0b216a00f17630a0177ece163e912faa6d735db29
e8977525cace15e3e0cd6e760ed14ea61ef474d0ed9c5ae3dc057c0c0e911517b29dc972
93489887c02157118b9c4a1f8b9fced76c6efdb6f363075cd2910d43ad6600bae65b19f0
7060e80f7a9b96ecf43761343b33ba61597a7d2c2ddab2548aec9138367f2bc9220622ff
0fef1b0b6da698b6f8fd8e069b2a929a33cc6ec882c2d9743ace054a48eaaa4c3f5655fe
2932705e2bfd609bf4c10845bf69c1874d52af8bc66604f0218968f542d50f640549c58e
fa097ba9534826659aae50a35d6bdb5b85cf658efe365983c5371f320b800679025722d2
5bae2e383b5f8860f2a9ef8cb62cabc317139ca3edcb7ef130aac46e0e5b0cc83948f266
54403a71b6ed1315bb6839a8bea8b19022887c45bcf75b0e811a4d7a5ec73f227ae943ce
99290eb88a71e595b84fe844828c4d67caabb81cc44b02f9632540d8bad9706a269198b0
3feefcfd69b8e3eaaf4394f947790843c5e1e0d1f2a821cb146b0ca3d98737bbcc237eee
b63359d5e1bc4583b6e61a22349a33bd56af6d4ffe47e3f8af065d82bcd1acc1b081a487
f534d3bb5c89520af9d9fe1c22cbf2404cba2a03fd396c42b1b8075f81ef269dbf15b376
8795c876143d871543d44ddf0d639e9bff44de74fe3124967872b6656c145a01c5735538
67e9ebbcbaa0080fdcd5d490e71a0e17e6ab8141813bdfb468a217a7b66fb421e36ffc99
a140428c7ada2dbb9f04ccedb6294c8b640bd711b011467efd86ca3c6b720052adfa63c5
8f118e4056cb4e33d3e340cb79bfadbe3f5a8c3b2194704e271f0bbc56c3fa62697fc0a7
8cc9b1102b97d46a4289648518085db34828e67add0daef0f2ccfd6ac6fdb8902ccef342
f0ab4a7b7266418ede146980bb2286762a5e8ade1d5cf6322543ed2416257938060d6863
7f32237b49439320508da557d566356e67ebb74554b6a3353252230acaf05dadde760c68
74c08fdf2ef1ea71a00b2868dadfcff27b59014ab2d246de3fb91590b1b1f6df39197480
e68130dcc99c5770deca3447c50eb95ace80431cfe615023cb1be2e3f92debf38ff6a4c3
1adad644eeec3e4ff4930ee31f4364749a984f3484a752123562f1ae223e021ad7fada5b
0649f607885416b93a2155c5d35749657e88a519442545f45d1c248a958d0402b4d0c8f1
da8f70f4dce6ecd3fe1d054d94d595df227333e8dcaed8cb229e44b8e92add346f4c5500
857610b18d33270720a563c0884e78688397c59efcc0d45b1e4be87f72793f8e5dffdd63
106fd0578593cafea48631b178cde64a4a8a57d41c0a92058da34a9dc74a48229e6a3d23
85fd85a0fe88ad7fb50df185c0f5898e7d7734f6b25017859e9b652a912887cc5787a1bc
efe9080c1096f917f4d0207fe60d7d93a4029157f6023084393ba5c09288609cb97ad68f
9d431919fd5764b31f339e73d37b7724347361b885ee0d2d4bc82220b32cd765089c72ba
82423a0befee949508d3ebc38052939c89fdbb37c8975a11c69d583b68557f01702fd6ce
437199aa2479b35b63a4c1b8b179aef8185fd97b32183416c5c8a17def3f7d35ac9a3d6c
05460a6fe1f47c40181e595937d5d88f7493d12fec83b77b41f05a380f3fa8c243fb5942
6777a6ec9d0da646455535c4edf68e7cfe2abd51ce7917203368dac099dae272e741828a
e31b1025a3f77b00270f3a46c2d774adcad06fa0a348d7e6a17dca4e2e4c682bca50bf54
8be20283006ca3ab04fc6c3d27d1262c353a768187415e6b0e1db3536418f41c35bddab4
abb8a3f26f697ce1fa60d51f016d8a314431aa7f8eedd5ff2c3b1bee9a5103611c621bda
c6b681917b16cb7bed497986a73fbe3f9b3eece2469526ffeca010fdc6f023c990d8395f
8d82b9d1e3b82134e930b8e90476bab2fcd6235c7e2fe7d84cdaf3a9923f0dd608ae0a10
4e52a513e0e3c189c71a1bea324f5436a80cb80759517ed49d73c2a39f7efd277cedd92a
430a934dd8f9a0c5441f2d08ca9d9d0a13e9d9bcaf6828a0187a4e2359d089d12c674cdb
c1d471190f35fbd0269e07aada786c48965c5443b919d9b39fb506957b183dc57a55ba8f
6e8bfa1c2c1c6205df67ecdfc427dbbd71c709c6762f1c4802764dab8105db646e11a3f1
ab7debfd49a322a1e11d3fa71c575311e3af247f538c6d0f66a1d027ab434399b97eac0f
d33110124cea4bb417e63b68785a44bf8f06ce262005fc0b0c69fe76ca930e1a172121b7
18bcfe4fc8dd22bf395192afe0900a2f3345ee06a61167ee754aa511fe7e8980f6c22ef9
5868028c6b39ed5fb5ff6886039c6c5006a495e9f785ed8d4abea3935239d6b19df93fee
9f1247e71d1f7d8955da61445a44e1652603884900b1ce199aef14860b8343f86e7ca31d
3ed8d56458085f4c6f41ff24952749126c1f0f44f42032be8345e25b89a9138ae02d9470
e5d925d31610b2d20107a66d7d0b3ede20a75fa54f3060b9fd33653c499236c3791327ed
7225fd9f7a5de0f4bd849aac87f24f0f77ab49af834bcfb213b8bbf000e262031c984617
83b47d35169f6978e0d7528491d5c7c278a62564049d08e0b4875f1cfccd023db2932748
06fba53fd158ee242b473c2e031c16d217f84c8bc6b1b3b211c4422a629bb70f1110187c
818a4548778dafc8291afaf6e57c4c099d730d085cbd66751ed3091d8ee0c1c5e6ae1eb8
30b481ebcb230d1d65e0e428f3aea88d14c9e714008c2f805a6ce2c183334ff01efb2c71
ab0a62758194cb6ff2e43842abe4a7177f0358bbca791ced72f37c06727037e1270fe274
c0ddabd101de0c46211c7bfe905fb65f84d83699667898a1b3407ab57f3303ef61c4d6a5
5da28cac2d4414dc5c1628beaa587a0b57a97795ad97922a830e6c69739285ee8599e0cd
d16c727748fc8a9f4a9008ad06ab5d0a15484e5a0314036930838995e069006593e88bf1
37346266613262352d636639332d346662372d626437662d653935633731656338313433