f46811a467685a903e4a27cba9562b323d68d08b9b57e5995179aa681bc59206f1e094fe
db22f781a39590abef061864d8b28f72cf2c7f876286fa3d6d57a1ae06759f09086e8a30
8df1486bd1c2e39ce3d28d1c214fe35d2972fca73927e5099a186da1612bb3b542d39e29
a85fd09c539a71d28f0c4bb896186c07bb6ec5aa98652447980ed85b0a835f1e93beb08a
9ff9b8ebaba8153ec1ec7e2bae44b4b4890f29f1ffe02f25ee20c20fb4371885d933bf52
346c2dbf6dcf5dc84f13c649418c406ea96d28b13a1470dd4a0a36dd92c796220962bab3
69ba4145ad66073b25590e51adfe981217f919b9e102b3aaa65fdc9d083ca56153b49efc
e88b9dfaa727e1840167ca349b97f7b4a28b016acb89354295c78c57275712f55d9c5294
b9b609390fcabcf0bc7509005ad9ebf06fa46f0e69ea92a93aff3901fd0f224afae96be1
a89ab8dbe46ce984056182f5aa6def213c1f82c5c6fb0f95203ab57bbbcb5672547829f9
b64de1c9eec6fbad2e7f45a22e6cf9ee6f338d7cc1cbcb2424232a9c1c967ab1ec75c368
24200955549683a28e63be66c93762bf5c4cea8561d61cb7106dc078c653ddedbe68d21c
5c06948221f92bf22c70abe16e19e39f05814f4f9304405118db965b9e48fbc30cff9a9c
6d195646201555a786e98ffc008be9e42a94e7820398c9ec181221c37c5a43cd7fe56809
cdfd841c8e0ce5f7bc6604949b726794227f8a5f4c06ba95b307e1cd3dab2ab10f407846
d53703b626590602ff3bd28247e3e46e162a4b5c3f5fe97188e1cbf8bb4b8e109d1b9be8
ebd050d47ba42eecd18c1e3d96dafb7d0bbc67efe73b0d61d5271bd4aa5b2904f10c70e9
479ec6928259e5cd9b8ba1460454b9defb518758d3378928501b9dca0f4518050d57c92a
53a3cae6bfb718378a036995fb905511cfa88ed791e732fb3d0e44c70a75aa864e30c2ae
382044eb3c2b5644c7820e271415f994b4f6402d5d779d786e659f020fe6f278e487b891
1ea3247d93deb9a46a88fb87b09e8092323349361986648cf0dd8203950f24997c993e06
ea74a195458dbe448c98a76629ca0422087464a5fb85889c6d715e6764814f71a94dcca7
c64e4d20ea80915a86af79832040aa7e906b788d9348e48ead0a28a34055c8a678f0977f
ecd30b896907e081fb33672e8761fad29e2c104901faa687afe5abdaeb634b62493730f7
ba426e65ec5c92ec8d00afeb84d568c838143a1426b5d5b63cfa79ddb5bad3ff905676e2
0cc88602feacb7b29216a99aace2e06cdae62204f2e855fd155ef5bb1c418b961f67796c
157c51a4d1f0f6a597a5738647bdbfe5fe72cc38bfdc9d3de2935f0d0a2c8475eb9294e8
1f83968b864687c9e0bb80cf3708f75ee4ea8ed87c73ad87370a190136b66d8693d5e920
b5b534a5e5c3b28bcaad7b4cef47a27337f03a2637b2afb5e56de741bfbfd7054a81b19a
f9bbe3fed64cbab1390633e7d6af87a7a198e590a7101ca8b6dab0867a4f8be791d72447
4beccbaada91fd0b47fb0d18f61aa9f418e451d2396fb8efeb8f512e07edc61fd3ab58f9
b75eb2c770ed584c13b6cfe57e0794174d1854fef9d3bb2c0107b848020a04b4855565a6
9fd2bda921471b9a9d4009e5ad676e5d9bcbbf3ca4cce9845c2fb217bc6f5b53a5ab9d57
0e962f8848211c9b970cf606def34638d47e7e345c26709a50d163fe0752fea73fe9a0c2
0c296cb8d1fe1eccdf0630bf7f62a85d8774e453dd7dedb2402911762275b9ab5975b061
8d65a6d5eb2dd54708ac0769968f1c2cd9df8f7aeeaf71ce81e5cfcc61715d83e9f8a094
5f6ada4d05209aa95440d2bd8a66f2b8a333252c2aa02e3b2ac96b711c8b1190c7f8e4c6
aae7a309f0297dacd2b6145d03fc05378e2859868c3d506b1418aead73c29aaa22104edc
ec983f3973522b87546ae737442453bb9ab98f157e9edba0afd31338ee003c2a1a87c833
3e13442890527170c3d3442d44ebca5937b26c9d79c00225d66b2e1aff8fdfa1ecd57bd2
328edc8f5fde4a0e06b336a0f2cde51029e20213eadf3de6442511638d6b791984918fdb
fbc9ab915f9cfd411141cf2d4c32bbcbf56b4a5d26b85681d58937a17cb85b77f040160d
3155429c01df33c568ed4f2e4391333b1b98dd69732eb1b3d8938b0f2b909026b638b5c5
cd178696a5a2470bf774aeb675ec0241ff9c77e647ed96f8cecc1cb4a3374e14910c960c
d63cc7efb9f7034f3e4e2089a2c4f123e4c787a757d5ffe01aa25a0af45ca24506af2455
e78167c71f6d8f7af35dfec6ae24e30a45537d6079e4edd0859e90ecd21783764de2c44d
702cb5c5d57465b294311928a996f8e8f210e6c71bb98cd9f73593e973902c6061ea9c5c
38693f3b50afb6a53559d408e04e86ea1f4298fe712323d7d6771086dd3bbb04fbc5654d
820f2f1cbeae28ef663d4d917bf22c147b884fa7fa60dd682677a7afe5880465c8d4d63b
3a97856e74f8b8be86324cf520127832eaf62cdaf026fd02cb95e05a902776d13286c38d
58ab4c587dd27207c99dcf5ea5569333849b76f4822df19f988ff6c4fe4b3a7c94af5381
d991a623faed30f47eeba4445c142a12ba75b20700e209a56c267233d259d48f2d64c912
ac2cea86b88bfbb9685af5aeab2d38f229b59bd8f510d6084d236e90f1b60ab6990bd261
9649f858a2201599023f49490cd6ea069c887980643ce3ccb8caa03e61b1dadf91ce30f9
a12e47570c8ab24c9ea812d6880412f609a2ee26ed4a3808a96ed31322dd2ba7bb0b9f63
ecdf883b2da35090d7e631fd748d0d2f1f250329c19bfe4600508f928542cedf55b08eef
27bac322b48d4ba5d75ff6e8a143d332a9c1c9cd03fb0697e71b0172e57f506b835bfe61
94788826ca54f811d25e83e226c4a94a9be0fa3fa04e75a8a9c4e26309fa39d19810492f
4df6105fd64349e58c094798d2496b1e251c5f06497ef89facf93bb74f0cb20c96cd6f78
e3d2f3e11be805901ac4e5244d02c3a46f07f5ca88970c662dd90e1848fb1ea460c6ed75
113f5150769ae29b7d5bd8fe085e5bd5bb0be8737581c96a5ecce7d63f54e483deca8bb9
ebccc9797b310457f4c5960cc6e801d847b6ab1f09258b4eb02062cae4f0df7829ee180d
6499d51afe4964af2e750002015c25afd9401ea7906c08db2ad5a56aaa45f0e150a54c80
c5b558817f760fb56001be7636844954856c35e46830db94ab138a6182aae982d411fedf
16f27404c754cc269366daad346c94312775974c21cd8756eb871d695325a3d6220f14c3
2efbdb6dced12fe6625e25d29967d0d502cc67f7f4ea88b3ca6eb3b6016b81ae4b689aec
515e39f11be615de528044c618f84e62833552f211721a2507a2fdbb1d83c7b480f2f99b
f34b5ce9db26fad5a0e5908ea4ed135dc415e2e5a123f9c74294509b35157a593ba66281
ef12906a61387c24e6bbac75830d46a99929713987370e61a9690fb079876d6894a96b95
85bf8747e91605a2ea1bec4360257e674e12f4a7102bd990e4cb9616bd6edb5a42cdc1da
602df3ff21ac0abfce997cca1d382b8466796c5fbc66474db43e4ca416651b1affc5953d
f8d921f7e9cbbc8a0d52e691a05cea1201806aeb1cf916827972b7e7e2241cdc4a12e915
d272ee0f8585148a76b9b9b0e37443d33a4bcaacc39c43f1e1db43a74e9d0ef5f17ea0f6
66650fa2a9962eff3f01b5feab277fa1a7af6ff126ebcd24ccf6704f0520f358a4d82db9
09540561c7bc183d0e1188e62808283f929395c107b14d4eb9f2100511ea62ff5f03401f
e4b1b9704f8e4ff26ea78f34f5e410c2b8f4caa4fa1b61438f793905794bf9c30386b754
7fbf6a7633ffb10acd68690f46f9c98c46a299c7b9833b449da2cc721c40ceac4c8a7e89
ee03c13e55b23de6f9d45f31880f4be52e88f52ba410cae4e11bc331779d9b17ee7fbc34
f93d62b706c3f21f6fa991fc8923c832039877d7cd78780ade607a5756feff61d63e118a
e668fb5a4c015d1958617f5d2d26dd075d1de29761b372c28b1a45c772ff19aeaed70350
3ad6c8b8211ebb5a119c29a1e7e70c6fa66c5f07b393295bc2271d2326f47ace993410c6
1930cba4a5a8b62ae2d61d87dcb8f531129a22ff6447e3cd75e2631eb65156153ed970ce
6216d594f0a6a4bcc9bcdb15be4a8b2802b2552dded17b62a1988fd755d00adb5f6d5ea5
913a04ed3340d36a54556fb2a4382521a85c602d389899fea3281f0d583b597c25c71719
238bb4059da35fafee81e1a7ff643e133d70b3ea7f28f2821aaaadd1a331b49c6679c0d2
6ea2abf116afd2a81ef6e5239a6ecc9d05323c727ce9ed5d93f94732c455cb1368e6311c
3da23671ad31b431ad5eacee88fdfe547731ace3bded7cc60e27295cda710ac738f6a6a1
c5f666b79d7079326e4eedb155c9fbff7b635fb63bc8745284e137d5f41c84b3d7d03493
84fb0bad5c9067cb79cdc21b0be73c6c1c3eb84c61ca91cd081d4df2d355498ab5a5bc22
3ff2f9b785ef3f01d9c5546222e5e9a4dc3616bb06d9f71ef41e4532058935365ef42475
249ed105a4b2421063048202758a2ca268e8c0c952160d44a1f1fd78f4e29fa9273cd524
43df0bd35503a516ee0120649bfa6e3ce8fde50a675aad75feca81eb27fe695616786428
16118086aa04c49895544cefa03d65210c85d31af91956cae24095bc5b228d667490a24e
78a88c7a2e2b09b1a3d0d00531a16e2c2f55d84ae6c1a0cc325a012c6952e5a5079faee3
311aafa6448adaf4ebc12ff488acede0853e2340f0028f1e1ba7a138b5ca9bec93b45b4c
176e7ccbc7f4162ade8ba88aef9d6642308648cd4cfcf477c1ccb6b416f849c9c6d659d1
69861cc7a9a6eabb797774d96402b6195578b148c938a08fcc01dcacd989ccdfe746c6d0
c89f20060c3efcbfd7b8ad38abfcbe41ab8a8240c36af20f6f4dcf6271bd8ee29b364af4
333b8f22cda3f23274b09c637e1db3cc10b3a92d112b9d94a971fa8677789bca3e00acf2
7d527b0eb63c808383594f414b47922b9dbde1684c9a4b44c9a3fe150ca383b128de0792
1e6ce18be1c97f272b855bf2bc94989b5c4b83b8dd7d4b180217e88fc45d501452772309
544cb39580e2c7a3fc0225137bb2d549bf19245ae9396636c41ad4b0de9e0bb474ea0fbf
65834483e86446eb033bb1560d230aecf8d8ae8a55a98f1b250f9b1a5926aa26d4e30669
bd9d5099ef8001d4af1a0bc9c049df99ed75609ba41b609f5aa03f78215f6389bf5a3ee2
a30661a6c42b745df78db4c97e427fd6ac0e2474def6a526a0771b73cc62de6682328431
0ff2e02179ad9fa159ae83d6373ae793fd823463eabe53040d1b6304708ed7817fb9dc92
69488d27e7c4ac549de3c5940e1772444abf68eb7de673c9c2b24a719404a41636459054
6755300c4eb1aa6523d2058c4e13043c16119cd8c060a1dd5cf91e70805f03454eb0258a
823b2c86b87713f9cdcc88613ccff75b8effbc27591a7b9d04dd17f7e9a3f0a8a1235a46
f3243e34c9fade0bc58b459c6f85dda8808a176c712166f6babf54cd0af04ab1919fa546
9f44f3c998e3ab218e5c71eb702c1f5d4cb56c341363a8d067583ca856abbd46b986a851
e50c96159a8d5662f72c1cacb11d7251a45770827d553f9c98c08da0f683816ff3198842
399b3942a81cf069a5bd129fb635c088970d6fe54fcd7d1980f4d2ba8524945732e5acba
095437e72c37cbd194b158f9c31693909a59fe688c2477aaec88f53ff6851a0eeaadce37
17fdd8870504b47dd9aa07b950b5d01b420573135b09e9047b4392de0ab4b36ddae81a0b
066495dca03c2e17fec991f214eb84cb18d06d7aaac5e17fff44bdcf6cb9c6b1ecdf3907
9cc24400b5974a738cad0f3d8477778920699c0c0f7aa54b95dce21e7eafd09201e4467b
291bc3ef2047ab1e63afb1336c93ec3e7b4bbe49fecf2114e8b6d6d92b6a9bf8d1b8a9b8
4d87eb0a37bfd9ffe2bc65026da15360ad5ab616fd6ad000cb8147dbf277cf4dd53db2e0
8526a884becdc041c10cea3f3b71a82d3bfb99cc85a0df6f751b659367655ece231ee9ed
1fd55921f0d41e42623af0ba9f1f597a97a38a7187434c4720409a06c4959eb0f6adec74
d5bc7dbfe118e59c9e72123fce809b65c8b6ae44ccbde57b37ad863241cf13af31e3296d
99d1d0ac08a451b1a4225c52b606d5801b8e357fc8dacd0b2b25fe5b4a96fe193d05ded9
6061c94a66b0adef3a7ca811e1e076389d87af76da6564c3bad1ea7aaed849c5712f8fbf
ed09b83d2759395c62e4370045772c785bf4f18924de9067b0f8076e5f0dc57b1c24a5a8
0854346bdc22102aca939e131c8d1d2eafd5bea264c0f71275f02491a90445d8af5077cb
f832a3984be3ec4dba23202878be9026cfa8c5d89ba696f9da54896712b714d0ddc9a67c
4c2c9e77a9b3a69d4bd2be81ce2c7fdffb9bd7fbd6fe0424acebe3dc8630e490e46591b4
5c64a7f2ed7a4523c7054c7c61929f291d3018ae0fff33295a054eabd92af79576805823
0a5daf37929eaf8d925ad0182b8466c75f7528504a73ec2a0298d8c1f23df735836d5b52
d1fda830cca497621cfadd20ae8b0af2d0c44a350a332ccca6737f713b4ace2ba276db5b
7632ae1680cac20f1a374d3abf0d1fb5dce54934c16c9dd1fc522c205d1a84adbe3d6658
ba2a4170372b2e58ae12d55f71f5022c977b423273830e51c8733d72e88e13da26a830a9
3149bc4d49c2fa12895eac5e9646a299ddcec0c7fb55aea5e3ab74f9bcbc348ebd141a4e
c956106453b95ad872f6ddf990ae29f4277d8a05ebf7d46e04e27f4ae0243319c102f7b1
37dd0a990b4456270b24ffb38978a5f7aa8cef1cd43830ced15336bdaa574f9ef63135f1
6c21b13d96d1cdf22febc2e195d7c292da502d9654bb7c3990320886b7299dc312b75324
ab7db267d56a3949d92495452ad8990d81a19fcc77578e3f0013016fbb02c4cc5dcc9a00
c68d00de184258cbcd6fd17662da95008ab62cbf957858145970dac8a0dfd7c36c73026f
ed87501036c8434f8c45fa487df9a13629f4e4ecd1783d1fc277cbbc162ea0bd9486f011
087efd903e7b09bc766807f6d92383fd609eab213ab325152da36412779df5078662512a
c7e16c71249cd025605886f40ba2a34ef0bb0d34ded2236c285eea25fa09830ba006a553
7f85cf7bea52e38e95f3cc2d53f30a4b7b8d16b7dee5f282bb457e90616d33f9f4af4b89
f48ac86bd7660ff4a1259b724df6bd8b42b20e0edbd61d5a6e63d442c1659715287b4c0c
e953367cff08b1b71fd162a83d586c68d20e68d0a059f6071cca729c13dc38bd102b7e5e
68b6c0c163af00c6784b00074264f19e8b19e036b60c04870c34169d1403adb1a4aad9b2
38f51dabec935a47ac77d06509fbeb3735f24d73dcd01f45b278c486f79ce526a3468703
cc6c5d83f1fdc58e73e8b5085ac14cc24310703abf67ca07047d92a0038849ee0d1a3bc2
a9858c2a27bbf8e1e89ece9c84b7e1796cb632edfb37176de0a43e2271d92242cc442f37
2482a0da972d31404eeb3f7d58b8abe8c52464ab29b9da88771dfee2d31f8d5dae3beb08
d40b70dfc14652f411b5e7dbf248555083f8d39698784b220b79a2eff1141fc3fa437a0c
50f6db3f589a1ab18dab9c6aee1758ca5cf986cd706175ecf3260e57f2b2a41adddee190
d6f985e0c91f01c99b1edc06285af9152f029c0af2e0a453012c025cc613875ba8d8a34e
fd8eb08058f29308b1e3947a40698d696b6d795852cafe5a2060c4c3782977e8fdb0cabd
b277731b4250e75d3eb6e33ec776a64f1bc3b1469d67396caf1a1e576faea0fab9c45864
40045a155bda8b5a927b718668b8a7d9b1b19662d10c001f898c3d515679d57f19eb9d6c
156496d8175d62f5de712c09725658913e11dc00d5bfce0653fb89b51689144599166f7f
f438fe2230675256594f0c76bb4fd3734fb38ea05f28acd9d0d356481ed0834a347f31ab
30cc28658bc3fb5c6114de4fa5cac706279542191a3feed690cb89cbba46661bbde555b3
1530ad7af0cced17fea4736ade1e5218a16176dbaeae259cc73a583d9d4a7d4ce16d7198
739719d65f52bc16e4df7455b17ef1ff515374286163d865f5c5eef0c2d6f1496ca79536
dd138dee10c153a98533d6efef9bac7f5fdbb135a3864d3293162a70bd2387bd711a427d
6b6415d831658ea4d92ff0168059a7ee787fa9d377a51281c808fb57ad3b6d86e4d70644
7202922def32da21fffe2ab3ee26932d86fd11088e090d64b3fad4b8ce6a0f1cb4e23c04
9666e45807617cc95f98bd4d99672e3865567772388b1d282b30d266f72d75c4667f9ed3
0ac452c9c89ae75f4099652356d5804f29902ee0c97a76027f1d1cd7d6c9300f664dffeb
b42d2ccd43f7dc23106bf89c55ecd62abcae65f95e264293a6d5be273e5d7056a16c2b9a
6ebb8652202e822476e6b53e3fb120e188fc2640cc16f7c831d9176117d8ffdff2c0b16c
afe020f3451bfbac2dab3dc2b46dd713e66de828a39cdc9edd6a86581bd3e27ef91f308f
421d0436bd3fab3ca1e2f68718e656349099fcda637a42dd6502a53ce647ce017b203284
fe02f01b0a4ee4817d0a12059c2dcde68d9a1c98d0899ca4f0bc610cb38ae42118cab275
92cca7a667d459514044566909c24ad93e1c816bf0412cc24eb9f3b26c3271317721e6fa
8a2f9dde6c1e37ae749bbe2385d3b35613af7ad9df41ad432204e3532f009471a8a4ca88
ff78a7a07b02a3dfcc2fba87389b3ea70749aa2ecb6454fa7bcae0baea85a5d482fe8c94
a0118dfddf3f66bc08c99474723fa8530b506691511685cb1d5f06ca7fdafec7c1a1d190
01eec821b93a5142a022b9815a8b48b227770e5496b2c514cd2d98d8e6bf7fdd97e086b4
785f02ebbf6464464b8ce9a356bae2f51a8c9e3992806e5c78b2e61d591d3606478361ad
c665ac510f6d0843da39ae4f449c049e6a9eaea3127d49224c1780859a892100cc15567c
81a4f86e4e6a98d014e5cc90a7d507f2a96d2531ca2b81a71ca0be2ca321f7cc90ed4059
eed0808c142607e86ca89b6b49dd8e8084bfcfc74e797599d818515ca1ed845aa556c1cb
d9934416ead3b36dd60399095e3677df9af745381d7923d652d7c76a9e7f6bce8efbc6d4
3ab299a84c51d72edd92b108fcd98fd72c2ec3ffbdd03ba980c4baf88a53f83d72f886f1
fa82d6f645ae8948032d5167b0bfa4c6e8cd31d7eeee83649c2d9df2a290bbcf1ddc120b
9cafe38a362597f30e8d0ea66e14d952b7ee304496d9ee1672e5afa6c975ca5672f73efc
5301e4a2b046a5c779e7caf7566cf2c7488b917ae9e7dc96752aff712596e961721c20d3
cdc618ee9e4a8305bf535d78fbd028b8f38d8f62abbb00d34a64fa9619f70f94ab73a0b5
44411a70f3b8a434da4428daa18210ba0a91ab3e52060b705839f577f586b55f84ed6f46
601fd70b830644e1f6dcf94fa9ba003a1c8e5873ba0b33121db03ba251716c74235b69f6
63e1b1c4d03a0ae826643cdd805c2bab85ffeda61d73a886b293602bc473ece15945ffbb
7bb7f4ae026f0a37d63da2a06383c85f3514235e14a89bd85a34e754bb2fbcff22a82ac1
2cca899607f7eecef9aa235093483bd80037f32f8986cd4002773fce9926f79cc4a2af0d
90c2dee381baa3edd59e0f61d4ebb07c1b2bef4bb7a22a70351e2d06c117ac7e0545aa98
60fb23d54bf638a3d36e3be9a3a2a6a491e99a89d28f45d91fbec2760b4d27275c86bb6f
1de55adfb393ce2b90f2a259ad4a795623f9866c4b286e01ecfe55b8e68ea514e37053b3
5e92d0a318c2555e4326d283f8ddac1a7c989b4c86a0778b92d37ba6859fe9dea1bbe85c
2b01667b151ed15e6c51eb252b6cc4f872dd08fd113467b602bc227a5b4c3b346a910a1e
0c949e40de9ff2c06657c37daae4dfc1edf9de1c8be55d322fc5f0431b5d5d8502ede38e
12ddc9ee0a444a868fa05f445df1fa3be00b237958b85e58f031fe2d00b785e288f632cb
b31314b1c1150657193ac3d533e91e67996058391e97780577483c0b96b64559a00699fd
5ff37e3c9f444b690be1240e8b2f55b1c9433f267b5eccfc70cabcfad98dadf8d3446aca
30d2f4e3ffa7ae306b5fc9158d5ceac3c10245b36e8a239a90c4e1bacb3f33333be0e6a2
43ded25c8043327bd623c4cf2e5346f048cf6a8a4866ca3c7a75227db9ff202884bde367
708fe7de93d192a6f460c973c07051292e44e0f99aa51f241d8a599eb4e326b70c618bcf
e965f7153266e26da3a3756a43a72dd577a811ae78cba4d86a0a32d28febe01eaa7ad11c
9da6fbc6f1ef2ebe82c3d79e632e534da8b34f26a117e50c1bdf6e61087fcc5933760e9a
3fad2a1c0d3d33da9d699b4421d4e1f56cc1351d43b8a2673fc7c4d19664b782b70b9b0f
4daf00605df385f30b5ece3117350edf0a4e090e4edf4166fffc1a4720acf6fc0f6176fb
1bf1c000864fc0815138508bed205b3c77ba6528206d4794f88616b55eda49146125bac6
4024cbb8b5a004f8b907b39cc7958a295c33a273a247f6188e7a4d6ddf7859684eaccca2
842a14e0a4ee66c69dddacfae56799333de21398ae11affec9ac136d29c7dba814777c73
bd15048712b6c2d188087f74dbc5bcee52f03b910bea0ab95cb81226f6b10b2f0fd7fd74
f2003297e1b1e5189a31cddd0dadf01c2c661b942eeae75a63b40a9ed877ee2a161ccfd7
e247e79ab5b094418c6f6e1de619cf7cf8bd405db221966f83568827c5f4bbb629c5bb6e
09c13cd1dadac4fcd671d152071c01e1767af35b7887b7d1991d7f90d66d3f1e8e9f8f2f
fbd3b916456f2cc7bf7d1f84dd75a0d062907f2217a5145331f86b1216b89db8c8bcf0ba
7571ad30b355d70082f4504fc736851839ffe978e1184d63f25840c0dbf718c7d3a61ac7
2307a0ed04afdf6a20156ed64cdc5156cdec9600d301f62fc13f9ef431f2d6bdd88a2d23
127330a1a642693a5aaf6877e3bb1d4075e43b41407f61d11991696aa5fbda85bad5fdd9
bdfa55ceeb26a5ef38652da1dc3e7cb54d48e527bd302950f5522d0b9fb59d27fe98e7cc
57a73961fb76664ea0ddd484981697cd3d9c91d3089485c6a37876976be0eed19e860599
cee6e13ba15c0dcb2b6aab7fc6dcf534e7664839b96218a74b1b66bada7e7472c27c68ce
987572b08e034994784c8d03088a34c864aa9f23ad118aa6213dfb5184b327e4294f1d2f
e586257252ad6e39230ac232bbfeeabde435a4b45a8d7034d77f89d7ec2e5a03967de1a7
6f3d23eb0fa099aa0245ad9c5340a3703b5512a65fcd13df0e093ea36fb97509901db6d3
aa47309212f12f6971c9dc30524d74de1e975fa926286ea8b3cc85f8082f8b75b9548c2d
c851d42cf932f603c4ec36b185131feb7f94031e73269538c5edcce7ac1d49562a8bdfe8
505b9af0a0858149995c27843d2ec412c3b3fa5e9f63685351156c42524994a1c12f5474
81a27f2f52a99832cc28b058c5d2af31fdc3b2a58a243df288bb1c55e34ae5fe5086555f
3f80543901202c44f7c53bbf056d002ff76869ef429f8b9a76d486d21e6dd69f66f20fcd
1712edc2b13d7933f6144b50499d60fbd61a509e3b61ec81fefedaee531b3285bae36b6e
fcf004600b7818b954b2c4fe9f1b964c6cde229256d7e24852972e86d10a35af55c67476
d893f17f053c3616ef058993ee786590e06a9585ee285ac24b7dcd7971b44204566729a3
29e191db7bc468fe3f2bcf2640a3a89423ea6b92775c543d61fa3b4bf73b47582d982e60
b75d39961269a9b56a2651d39a374c0e807150d00f31d4988f3e5037dc4e4119ea0b114f
5d0d0953c6a67b56869666364629118d3f19a9e3979c7ca3f72c1f733e0d5db41747f124
12cabcb8fb10237e427b0d220fb13de269e2d0161a2ec3a8a5a65cb11e1640f9567ef32f
77f6e7b5780a3f8bd9d08f6d0c5621effb27cba89913007be086061bc774d5ad74a26e58
a4b341d3525bd5aa4cd8b8fb89a9ecae934ff6462460c80ac9d7bb004783bfbfadb23f3b
26cf515b7a6d3279cd5e731838caaca4baa5cccc8a4cce7518d0c3e1766c2695af6dda2a
73ca9d7f07f80d9cab933163d73ebaf4dd90dda9c5e955dd931203359022f514f555e813
cd77af14475a746cb6b47697cd6c8565f6668d505d5f8a029fdf236071b5e6ac68ef57f8
aba3cada6431e27813e490bb2d98cc522b626bea8429d2b93ff630131879f708c9082718
e77f9a849a479ade6cbcd5f7b0b2fa66db6295204ec2aa3db4c9db21f1d939b8f4af3621
0e88c3b5a776664807dcd39e428b6a5fd136f7a545937d53e51091c15d5c4e10474e25ff
a9a085b2d214798c77bfb5fb49dda4b4f824a62e26737959e6bd69dc007a318ca8abb337
8630563e8e13b2b2b0883c624fe3f4b6f5cac1685a2e4893b1e2ef101de806d510a8babb
50718a15dca49db3decf6b5f3d1137b9cd1ea0b4e5bd164609f6cf2de3daeadb1f78caf6
3ac5f4e85f5117cc8dbc6f18c4be62c6a4a3c757b5e4c0b7bcb052322d68b86661095415
071191313c47c034e6eab88ca27ac953e38a3c6da0d655c8de91d4ccd12029174f3e57b6
c03425960df004e647d49c49db383acc81e1094e0d72fd342f4f3925e9705eb5ad420bf5
f2326849ef2daf75b4537bc5f71fa40d9027ae332fe4535eb1ec2edaf6b87e55dfaaf6ad
fe814620704ae6b96c952fc5c96230de6489cd15296f323b047a914c41e46730626c6702
4a4eacc72e95e3b796df959efd8391ef85243d90b1cb1a6e32f57e5c26001814a94b5aef
7a4d588dd4e6ccc6c99343b0aca5b481ffbc34e83b2d53d6d91ea8524c9d48f7fc5b702b
137a3712cb12eb9a46f04167c38f3cf317e08fdeefbb1abb4fbdcbb116ea1d1cceb0ef52
261015e3755436974a9fef277dd40e36ef374527a65f4015e86a7f4a6777f00bf3d2daa0
c0eb507d30a00924d145b2d4841ffcb9469a6df1eec7e5f5013f2137f8724cf1eeb1b9f0
eeb4f265a006cfad1fad887972b3c58e67d5a0dd75160d56706ed532f164304186b69b06
225a7d94158a953c0d5782c7557bb44dba7e26cf2edaaea8b94270440ea26813aa840fe9
b011dfd02f34db4791b2f468dd26fe852ff636ae2b66dde6608e4a9143560f56bac04ba6
069bed9fdeddcb6055624bd51ae39b5c1e1e01618f3134a8d30b41fd3d02bdb4f10aae87
d1f78dea4bf5c4bf17aeedcde8a4a89a274b2e029ceccbace57da8974bff1abee94da48a
49fa58a52c7ef4d42f6b9fa8e08b2e358f33db494c317fe1edfb9c06cd641f6d7f68ffa7
f6cf685d3c3d530f54fceeb12521b8e6a5918ce2e9f382567b21c46547d0160d9ba0c15d
432720e3f6219c89b81433b5d614bbad4f395fb699b0a00d1d29e4538a9d4aaf16f67ac4
d4298d7ee40a9548785d8a17b384b6718fa0f3b0f6dfa78565a6c3c7ded7e7fd7bae0d21
05864ef0e77fcfd076a37af7cd75f8ef9cd5e5ac0d7748365a3555bed04ac5f5fefc284f
939537be97d51ea9b150be6ab024d33e6d5c66cb3bc733fcfa89eb139fcbf770a6d4b595
0d5d2f8c2528e86a856b7c7cc7c635f4f396f19ce80ffeea7e4a040d37c9478ded12aaca
c53763b1b9810aa82a930c1353bbab9de3a9bd06567ab6067ea87d54db736ed196d94e4b
b002dd2be4f88fff55e908a5f9f0a9e188f37570c77cd436e028b3ad3d6a7ba15e7e7de5
0f09762805b8e172acd22611d3257dfbcd7df7296d5a68a3699e384d63643e71d609fa10
47fa35742b4761c743e9d401e2630b9db6815bd2bd17a2437d37dccd0e5df1517d2ded29
8d5330154b596bf77e77645bc2316bdd62770054aa1e75229196037cfcf4c56769fbf2c6
1744cb256cd86182412671d0a61657ab60f3039328ef32e48e1d02016dd1a3dd135a8fb3
7d5ed99324478da1ff139d3b21618b3bccbb939a46e94973188a38864bd3a4bccc402ef4
ebc697e14248702ed5be4f0b9a737157bdcbf20b9a044e9afd792bdbad65b53c8d73958a
96eddad35487a1859ff5899b62e71f0055fc1c47d1dab8c2b7e5115cc504fe1a106af5ac
138c25fdb1415b50d24e57d43373cfe9f2bc2ff02b41b88c5660dfc4d46a944f62325e70
054c78a795a0193a0929d5c318c7dca3aed998e9954dd756bef5f7b55501c759694eea9e
8d27c410b8ce5e6fb3858e45d3e15a61e50dce14db3cae42fa2f16343f3c1e3763d39823
9a9facc277915c7da0cfc4e677e10d8300356742fcec66217356a3c152d211e9d63949ad
a935bbe11283f59effb76cf39f37b8c340fc7b7c04514b00939c68cf6b873868747c4de4
b91d66fafa3d14d1c6aaef741bd9ea7f491682d948b9796428c40c3b3fac19ba1480fff7
44225ae57bbfdecde856dfce1e217f8662b92f644bbc782dec5d231966d70184f54edd4e
b93bebb022f2c062051a4e5d79bbab03f8630b05480235ede86573b656ed9cb8085f4aa8
9e51f5aa42dabf5bdacde7010238d2b2b4084eafcbdc61604a6cbd95d6dee80cc4eb5905
6ed81737ad12e6e5afbf0df1463d25fd2cd41b3983da60711b4ffa7dda3c26e3aff62b52
45409de01f9f0bf329e2f8a49737e9a132b9410376b94f694fe619bf3abea0a18bf7d3df
62b20ac59f046eddd0584af354ca6a4372c3762bb10cd76a0bef1bbe3c895d11207ac8b3
8ddc501b3c892fb51bb98e011e420ffaeedad933adc05ba1845066c0010c54cea0c670ee
84c28701a0e58a9a1f9de64670f170c4048eb786f0b81cd764aabe52d4b2c5f0b61fcba1
a733904c86f979caf25f71223670e8eba9a924a32f5352a6368b6031adb07bead51d0167
72b223a52b6a4c4c37713e7c6d932ca210b87004263a7e2ec6f8a90013154628ccf303e2
5e320ae4131efa458613a925c3b9f781ea4223b78d10dbc02417a792813b8ae80cfe6e53
cbc6449ef2b2c57d397bbfcc2db3cc4ab8377486e793ce3b2741e4b5ab6e97f2fe0ea4e8
1fe0548e83b7914f5bbb37e680c862444a0577057066e8e0a14f93e6777e265f39cd02bf
46f8561572618d78278d22359eb881012c7f46753f06165fce16c235d658cb544dfa185e
1c7cf6e05315457947a7f060f551bf1ed3095321e4e9e2e5b67e65b37bed18d06b78bc9b
0bcd498e7d0cfb5ab8256ef3e5eed915ed42e1dcbdd63943512de02d6a6581b089af9882
d2b8aecfe6efc118f8cdaf29ccacfeb331cb4a78d6a3d39fa2948b9af1eb08af03b93c6a
60077052fdab31be54499ee273ae3f9808f0d118ee8c184fe44173f8cd058c5933e65607
58da30ea47a1af4ce900ec16eda891a6310e8076e1faf9233dee5fb2dab6fe932cee9f1d
d5e767e38041d8f45f012d474acedb74679950525b62a820889e392004cfee5b1016f176
bef26ace69055e0c00629b45245fdd09c79e3febf65f38b771017900908553a625ea89be
343d9ea1616c36ed0ae10bdce78f19debf9042451939e4631fa6f511585d2f94cc57740c
9edf5a9716eb5fa302539e8b1d813379f96dfedc2cc15abb2c9503ea7c687cdf9e369bc6
546385f2b1d60055ebd0decc00d4742e86db77463e806c1385cd64c7678243a432aabc03
97c4555c721ed6f9f5294b73f7f1e41280841d5bf8caeaa1964fc8a2f164f7f6050d8f89
ca2852f32f513868da4d3426f3add175f38b64d73589d218365986743463748636dc2ed6
173b664411b7103c309281ab841d1912dca5c1a41d59020f6f7a9aae9d0093a5be852c02
938df30568c1ea74af03f1fb33c8b2a26a68e869c821ec59f738bca28c7e60f17b372ee6
a28ba0572e8515549d43fb8430ffe2f255572fd0a37dad45a0b33d23c5836a423996bfa6
51f82240e8d9bf741f16f9002255e373b10a9212c5686e79be168326377007b02e6c3188
958bee482039d468cd53533c3c19351fe172a5a0b5785739fa74abcd967f949d1fcba8c8
eda732019531082606f6558ed5f5a0ab4dd052798e765dcd0da9cdbff5af75056e2158de
6160f8efbc2c13304b9bda2fb7282ea7a52d9e5ce4cd00ee02cc2cf441d177867c69317c
36dfffd29c0a2d48ee96d5e491f42a76050926715d20f77c30771b65e57f0cac4f491400
d759bead9f0d7733d1b2648aa8ff12d1e55b33837b377bd10c42d438cadd85cfa416efe7
ac202c74f256a66ebf449dc674537c4f0355780bea993b2718509328d0185e1af49016cc
05f03fc8e3926812aad53d45a07ace3b9ec81ae88cc90e3ffa5487281677e60098e0a37f
97794589ea0571d5336ff6e1def527e0305c14d7bca2a9b1ddb7b9fcfae516ee459b88c2
329f817a368b73998e782704bd8017c404e1431bb73b0d9675309a8038223134c3f34f3e
0825288f0816395b18705112cdd140e501f41522d95e99b9f392a999ec6829a19563fe29
d0fba49a00d30db80382625e575fbc1fc8b7404573ae713c85a69e82759a58434dc3dfcb
71e6db947e2117b3172722f9c128321e1228d6ade51c6d060a80fff588255f0095769329
3cc937ded6758132ef7ff81d08d43ab9b69737662568ec8e8731b85d871fac12ea888c57
3e97a3363c9344e96f7df97fa7a40ae8d91344decb85dd07694153edcdaf1045cf5f076a
c4c49c8194931a0ca98cab040f43e1f872b6b3009211493a18ab7b805fcf96a7b32ae785
730bd6c2d451423a247a5afa5368c2a1bbebe34db147d249b33e82f35497b87706a8300b
bad30e8857509c6e4c5fe7e6e52b27d1ec11ee6a6624a041e5aa638a0783b5b8b532ecfe
4c334e9b24c69010ecdde0c0938f4426b95036093291fe93e4bf10b5b6f4cf398b44b34a
b3d35ed8e086fab85ae80df823e8e7296b44283cabc0a6ebad8f60c215925fb4a6b66169
c8d9f8337668c99e4c6cbf7bfc7e37bb266d7c50ad14445134c9cfef9480006a0ff6d82c
39eddc06e870739875f323420c2a98ca3036f5776e53bbc872cce4cbac124f910801f180
68093280dc2cc16546a6b46eadbbafa8529d2ec8b66aa60df98486f66af166e9a2d3bcec
3480a33ac61c02250ab2c427b1ddc87cabe26fcc3141298dc754aec6aefe0687f1bb8226
1f58c50870401eb231ac08d99d09b6832441ca3c387f709fb8523c77fcecf5d734163e67
89ef6757c6bb5879293b8ad35653cc42ad6a3c29bc478c8dbb7a1ac691defe937695d417
cba0061a51f784205bdb5e8986a5056f6ae0ff9a67ceae1339a26e439c5197f09f64dac1
16771cbc2cb777723cbea868cdd571d6ecd80e418301b92a5b96c11b7e05229fdcbac326
dc465c32a297b5f2f1f8d1a8310b715c6576132e9cdbe1d0784adf830fc221d073f54340
5f2e944009dc370158b37daa9092892c3d172a3dd044da97dce188f424d7c8e3e73bef5b
55cc9913f62d4b347ec73bc251c7fa82a28ad4af088a39dc74def93c7d5bbd10b0d83b31
4a538c097b8cba958ea33f6ac001d6b2c21c438ee34a9e9e022e995752cc464170bb83a3
a15ce65710d4887fe4cafde6a2a88776a717cd8fff90966dcc0dacc756cce4b154a36384
ad25d60cc8af84df955a0170867fe87831ceac327fb6b3fad70540d7125acf7300e4e179
5356be9829d6003ca2e2b215826945742cf53ece5a4a84db955688c9673c2dd404fdd22d
f23bf0fe7121bab366b67d872353cdef9396911a99151a561e88f9130fb205b275ba722a
f39d6ae00bfe5ca1b8a6ebab4bad4ae293f9df129d4dc6fc00fada327e863d351180a35d
603b4004d15cd17e92a0190695e5883e0d4d08d51058e476310f0754ccb421abf3e941a6
a7480e2a73df594a2508940b7b06fa1e004ea3685a8681a6cc591b1a50ccd004f42790df
92d2ca2ae6c8cb50a45fcad2bb13b7fd79c606f8d2758397284dec32352dd7ffb75d5750
92da4bf7992999c74229a7514687bbbd9e6ce8ea53ecedb96b2f5379c4953e25ef9ca16c
28cd70e7f510fb39d718758acf58ecca398825be7222b7d4ab2171fb4c78f90d0ab3a51a
bcbaab32b6237d7a197ae6b4c526ca68b036bf20ae8fb3e50b539f684d5e688870982cac
e805d79b88df4e4d1d13c2f3f94be0cfef82c691381d5fac46026eeeb78a8ea4086d999f
c693a98f77cbb97c18a1ef3fefe02cd20aaf79cb86c89270b564788fc41cb171ba5cdc1b
0385bc1bd5ff8034bc7ab3178c518bc7c722a6edf434bc20a657ce2690e34d156d277843
6de629c7baa44eeafb5b451bd7f80815c3f387f6515ac10ed22130e780ec3f2cfaaf346e
5507a164060cf9c5102217e53c9f23b0ee674110cf7999dae3e296aa6e4a9c5fcf97bcef
eb3a0b87c6686af4099be783d25f987bfa1e218361b7bc19ecbc00edf68056d3842e94db
58f41bf38f1dfbd42a158e47f2970e984a46820f32456f33af7644e6e6a14a12255993d0
a92c663f2e613c770e659a1ffc5e5fa43b057060da5b3cfa480d08fc51e3b79f612c7937
6c8906dfdead054d2eab4ed01e79c5cf7ba232c99ec99867ab78a44c9e273c07efc02dd2
f61e9ca671612566880bf3e484a4f79f74de9d8d0e49b6cbd373f60e8baa1222331d254f
f8cd0a2e20cb25880455bbc99b392c4be6da73e7c61b3dd9315399d8cac18fd8b584c7a8
577c2bd78c0cdcea36edf41df9e2985bb019b1faa6106d5723709ad0e61479cf7dd951c8
9d53283f8c85b0bfa516d51be7d2ec53df369d7270748af154772ce3c1b69ac058b49ec1
6dbfff83475aa41541586c3d9d2a6583e16c839276fbe53fc556a2728d64d50a5f97e04a
37f63dd692255771982e73ec311ee7ea1ce757e67cc0cd4a9d58ae981a43afd4b276f90c
547f9c7c1a87daa1e120c228a6e420bcc94dcc95aab5a2052c80f240c45aef05b472f7a8
139f2f4daeaedf4801d1a91bd61653c8613eeb5e214af3f9f284b9d626412d993425df35
95c15fcde553ee0e8e1b45dfab47a7bcec1a4441b2a32c3274c7dad87129498e560de6f6
28d1a253a6a6e928f441d5b22414af890abf6c7f5551438b99f28c7157f63c593d06b0dd
0df87f5b221f736f0105c503636b7f161224fe7faecc1bcb7aa8a90159943181109c9911
53e64997c0799e345b737d593ffa72251bef174795d5482721a168f6abe5c7d78dc55cc9
6f61495d5f3859293b34de9c44180420720a71e278a8255cbcddb02ac6c604114fc15f77
1c24adbd2371d3815c6cff8065dda83974bc39c2bb3d3388ac7eb2f2daccb7bc935f3754
2694c5ab5b28edc04236a13ca715ba75e87d213e2ab4a150e0047f25d6ffe21778421030
064716e66825cc40a9bd974b9e868ea5d31feb64bb8d97d639704969c046a74fbb188b58
6415ddd2bbe0977ab680048b7c850c661e4fd6ff85f51ae7ad220e80ad66bee9af902740
2940e4bf75014b5abff6d30b56625133153bd91bf66cafc1610856c04718171f55762f2e
1e7f4058eee010da2f4c59e7f7b6614188156b6cf1a4168d95bba0e44a8faeff783db3f7
a93dfa48bd2020ede979eb5aaf5cad551673adf7688bf9f41b43cd0fd80c863e5fad59d4
96dc51321e8acd3281a7181273cfe5a77274ed565e967f141c2df012df1067d93d5adeb3
0ae3a8d192731c5da454a8507a1a66379357d25ef0bff83c9f093b7e3d8facb7492f5b08
44fb99965916a3bb21f2f12aec198dbd53ecfa28e1495c4c2831f8352a5ae49d5e7f2301
103cf64b628a73959837843813dc718915b48f3c9009e877149dc97aed17d288bdd72402
4a86ad2f30c6b0347d93c8dd4f165c8d49bbe7080aecfb7dade99037107deb22534f582b
55c063f385868d1f885081416ace5b9f72ae57463431cd6a73853a156a57ed4d59035052
cebc07c4e7145430dcef10b1c3b945142530033bfc80c3fea5b1687955dd389a25b73345
e4908e455ab77acbb3d393b0560afc4bc6e66c3560c2797801bc9550411e0a541755ffab
2ff1f7a58b9c26469802065809c0096caf37839549b0b8052480fb96e172c9fb8573c349
0955c03ce65d8aaee94c35bf7f090b8c46f769db03d257ee42ce9e69f3b4f8c5e160a855
7917a7d29fe17e95c00d890af452f0bc63ea35da46a2c0c21900aeec37c582a53f71d354
f34d84e6c520b333f15b7ec7929e41d7489d5bac60a0cd479216d0604931b5140595ffbf
129934f2605c1646a5c729f9bdb986abc353988bc7d3a625f3db265ad63a41526f01001b
d95584cf02e2a182443e486f45e419a58c100c39f234ff86963b255e5e427bcf3df99db6
0124d37e8d2d351be5fd4e7d8ba1af60a6773c9d3ebd74c2690c2a8f8b0217ced8d82cb1
337b5af4b5b1206a8eece3c52fbc6877d92997208cff2ac6a11ac8f30a03804cb1902058
4a8d988af487193a2122292f84f88828f097a12e045de50ecdbe7b8ee048b0a4498f7263
124b9839bfc718c17316297852a660b626eef04b13a9990337c651003eb133ffc80b506d
66d0eebc77ac8004355a29485251a2d20503f786382457237198ff8309a3c79d129407b1
3bc8b54faedb6901b5590867c7c1c692b19f5f969af6367683d58ac9181d0338669d09ce
e937cefcda93632f2facc18f5bb86c740c96217b2d2e00b18c673dce03f348672c992b07
84695f1496445e51b63f023b812d0a178e1755775d5f3ba039b9864c54764d4f921d773d
cacd091785849626aa167553fd28aa9394722cd39f9c1b41d99756ba6a9128af1a38f12b
96400c62b183d6872b6ee0f482a038cc0fe7999b62a9126736436d7eec576bd6649b1add
d7d0f4e690d6972d74f5dce3eb492feecb5d1679c11b1a43d6fe589d68d535aae6ae34de
e6266fdcc68f933c547251eb12c26e79bf79b863c98d85a8d5a97256365a5b0e56e9850f
0b7b03ef9aa120769be8fd8b41be2efa041003671afadc3a2eaaad878b3235a02af783b4
ef4fc19de5bc8194960a2eafcf06beadc992863a6d0f80a7f71c1297ee556ed833bd5ccf
5c8e1888442b21bb47f583b9a7c25a32816ef7eda04e48aa127571b8d0ad5d788cc51c62
a8e1ccafa8bf69bf149c8909f5c5551229a398b91ab9fdf4afb400d752de3511a2f2382a
8b8d625822c27d331c869d05421eca29e1ba6aaefa904c5718f2f4e136c8a2632b95a03c
83a62da2aacd47ca6e1ad718437a082fd17f1c52694e509d70915d9a5301e99f86f63c40
41dd01878e9eab061c51a59f409cff058fb4c6148e6571f2cc01fa29c5e4ee9c12e9bb04
37d7cf5a58cbc01a0e98ae7c5fd520a24b7bd9ea6d20e742417f12a52c8e16739e9c722c
9b596f42bab71bbee13316b4ee3214886b4808fa367585af940383c8980e01a01d21d04c
1cf007e7df906fa6726755f8a06bc6110d63997a8bccb9b92f1a30de876b04a029948016
b05c98bb480970f44b8d3d4d5b2c8529f5203610570a30b6b6d108a7421da6c51f542ded
c004238f35b3f21165fce3da1b0c6f455640bd5101dce49f855d2aced8052d4d12df0e67
c39a141673f923d728709e672ddeb0decebb6f653a5a4669c95a5cd220c6016cf8757fd5
05531f39db2385a9c4eed48f5a876051e9938e9e7fae806c1e7ac311e1235b70d08ccbfe
c5339da47d27d21f17ccd101192c22efe74da731c74256e8b953bac5ceff26688ec453ae
72e70ddc56fb4914c34961f3be086449fdbfeaeebc270d6844129d5aa42b5b85c9a52064
144bd40a71d57fa3cc78b68408a43a3d8949d4c5d431d1fe3fc4bc2b78b619859639f774
c5b53832aca470eb8838a9110be0731c8f58cc75be695850707f7d10bfefe589e34e33a3
ac3725b6f71746d59bcdde4b471a16e23e20b8cfbe180884ec9616e295615316b243cb92
2213fc2884797309f93993c6ed781653b8b4e9e793dd27ead92e466a1b0fb97ba50f5e1c
7026d2ae3316bedab32a5c4cb78c40998c7fee77534109670046a21df02e3768f5476cdf
a3a2556e2b93d85e82d3b7654c882877ddb86a6405ccab2cb5723ffb4f7d9383c9705d13
d7d186cd1c37a04823d5091481ddb4d5373cfaad8a507efeba500d62318f63e5461dbfce
fe7b9c4161ad9ba88601c1dee05d583661e0818e94596653aa192a607a1e1e7369d78a57
5b6c69e86d66238bec7bf09009c7c3c32c8609be563540800ac59795657bd535e89c1e15
97779f93126aab5b9baf7184342b65198318f815e14ba05528d9208664693aee58dc9f50
0e63fb16f4a13ff4d4ce986e3c35c91c54244f595807366023d5c7d4e296370a3bf584d3
9076f0d851e7f848836b798b10c2801a2de172313cd62e8659c4b7cf72642f45a6191bdf
f3e1496a745e028e30884cbcb33453556fccca7b8d9864660287daf916b5783f3ecc6f87
e84d6c943e5c6f575e996e192f8d88d47ec36177d35364e328ec3a2ff473a2fef7d81c3c
ba2f5514f3e6f6cfc60dec6c00e8c7c10c0e515374f28d0c89b79fad78c3ae17b713aabd
766862df9d8d4640cb118d318d91334be2c34b188bd6e103ec4047b9642fbb8cae715786
9318faccdc2ccad87532b2d1c96109c4eae27ae28d82c16dacadf03e9e4c6c5365e06e80
427c87e05348fc0f06b831cf76f3a98f820032355550d008e658670f63cbbe3100bd549a
22b4a75becddee39774eec0df58143aa4c52b6763a204ede4c3f742f3a1f921c8b17c663
ed54ac1b0fc40ca12152d1e478967cad6a4c9da01404ec3400b9e3fe8b6ea441224b60ea
dc097f3c854743f3fb02651930042ae0d41206aecd7d93ed91a4811762c0d99dd00aa691
a2e2ef83ded647875433b38f572524bfe4e6ff91f4ad355468fac84f209620075901a1fa
829c9de2e5a88c6f309e1803de37e655b058b20cf7c247ccb7d035b401182b323f36357b
b9c56b6a8944cfad568ef7117852ac26e7ba4d81e16b6958975c0a6f2275726bfdeea789
01f3d7cfd850179c44cf87ed56f81103cdcb763a336a0eb899cc6be7fe1d4346dad0019b
8b9d464178d99e7edad3bfa485a975fcbbdde6f2615430e688b7f877d980e6d093f16c38
cd1aa6b113a9cec7a8b6dcda5786ea45e31753d60e172b4abda90e2dd50c6d1aa0723f73
545398515bd016086168260bee064d5efc01b7ccd0e61386aaff7adbbb3d278701cfc32e
ff20a2e28bb240de04d3da8b3b40d785a6ca5197f67c1e845743fb5db7e1bd0b8140c606
a60edb5002d47b574ae20ec14738493e7002cec660a1a294d0a2530974bd18ee17483240
814a7b4b3e24e59e3041efcb4a316b0d3eee13aca71c980a104d09452f42976b9e0095bf
269a90e70019eeb6d8524397670b032196e210960e1693e40f677177ed7bec0b4dcb9826
83b89f84c8804d9f0e946699513b3e1af618ad47078b583991f2b4c3f97ef01ae5f4d48c
e9d41f87e6a3524dc492c1b6766375d1e3098f9e4ea095adf07c1b5f416bac5a1a45daf7
1a7528bc2d4f5220f6f6eef43ca3dc40b6d166f556fcb7a97630e0416b9df3a8babd934b
b712ce9a426ac39ca1ec80b1e41924fb93a0da5077d4429c03717c48db0085ce6909e4e7
b69e970ac782d059c3a6f1c609120e2abb4c0dd3aba38693474618fbb2a2008cdf57eb35
da4a0455f864fd8c3e0b3f2085549d30a87438e3acaafded590a3e8f6f28ec3206226a0a
34890a94707af9af67d2bd75bc3e41f7fc1bee5955f044322f03e5f4191d41ec0a8e6e31
95d5505ee086aec3038efcb3accca6dc088af088946bea782591c613ded0df7dea46a314
f774ce8f5b8538d54a78059ec129eb571c8ef90fba4cc2ee960b5507ba11ce8c5c8ade9b
96514a9199dc078245c8144c7d9aea946418b77d5988bf1d35d518158a86e679a60e6b8f
0e5a799328a8db4857e44f1e375dd0cbb92ac337b7a04629c9993bd060f518d21d3e2ff5
70f59d097cb148ccb09a187ecfeaca52ded68497c2c2a20e58ca36b8f5df4c36ff404d87
a5fe1f2ea76a849b108ea25930dec952abd88e8231aa3d60272424897a911afb073d00f8
38c2df3bf0d6bfdbc248c9591d5cee35ff72defc976b631f9a813e134c5e26232a419d93
9cfd45f743b6893cc6a43103f7a0a92a9091d8e798ee4b4bfbfc70239ef03fa708a0edf0
3336d532b2030842c6d5ab76e2043292467cc75d8ce8542377194c5b1572590984002999
07407d4d54b86bf9f627a768cf1ea6e203db29a5995996b5182010a9a931a03b4ae90300
01ae886a46aa8ae50f596137ab823b1c827500053c716d9afa240fceb2734e4bd7762a18
669b035f7d458d4562636f3bd7d3b573defcc983a43b899ce6795686d7ba59e1e93fc1cf
73155125d1f8aee6cd4f37bc1db4d76dc3c71d62e9fe779b36cd3173a5f285ad87bb96aa
5707f333841aa0cedca2d03976371f48a73861c096cc4f42bce9432354e6cfaa9ae4485e
4385b8c32c087815ea6d2ffffd85311a5578577c3b243e8db89a43a02fb3bcd107c62473
56e57b2bab34e82a1f52118c98064a72e15d4c3870e884694877d7cb30b8f1dc707a6585
75bd7111d6c3de6d0c9b3d0165391bce7a0670c870ed9721c56e18863a34759eb0e04aec
71f9ebb6345aad6d26978a9f9d865817ec203072468973ae1323329b726866d948b64eb9
1e4e5a688dabca45b8d891ba31b45e1e5860ef537e71b420c471715bc8f271900b175aef
4fd1dc9046320a8f009848ac7e899db9fff1cefc883f6b7021ef3f57ded6e0bdab5c1a04
cf8e74fc1a79767b2c3a4e578ca4d68a0d2e6adf8f284a038bb859e3444b6487b53ff79c
fa92570fc1eab840a300dc724d9660b92b534628d756a5c76bc59bf3acd0f7f4a810d78e
78693ddbed6a2d183aabd3ff22850c32f58390ad45a02e49c9b3a1f1bae0e22fee1269f1
cd565418df00c2a2eb6fc72cf4fd55210a3e70a3ca680886dd580126c54f138260e019a4
3a7a0d2a65cf2e43c31ce6d822641e8e6574fed220b2b05880028e42c80edd7872e5c960
dc0354b8d388a17a7052af2a3cf08e3cc5e554c41fd4bad6203613c7dee1a9aea319afef
1565228ede90c92468dd75361dcf9eec878580dfe47018e1f085821716c8b375b8fc6868
221960153a75a8126006fe722d54687f50945745bbd00a8bceb8383493cdb27ba18e826c
9322789581b998bd23f79e4c03d44c6c9194537219984bd7c6c7af881d535c21c2495914
a33c06204742013a8d3898daaa0e91aa3060562c872deae0955c1ca4bbb0d18c540bb7e8
05f7b9aea825482976174d5a227e2f366b0b4abbb25627558c8692866483a7b72551d3e3
83a960c2cfa44e166c0a30119fa1fe1d579261016eb1a0b018cbc6e2e687bf218b303f23
9ab8c4ffb5594fd90ac50e76d66259c995a17c99eaced1671c2ae4ab0524c7852df6a267
df0689d37aaf1e768f896a80ba875abdc93bd1321c29d8881d9db6da3489cd151bbd05f8
36303932633234642d363065392d343337352d613339652d363361333561373932623666